// !$*UTF8*$!
{
	archiveVersion = 1;
	classes = {
	};
	objectVersion = 51;
	objects = {

/* Begin PBXBuildFile section */
		4A191F2326370658005550C8 /* WWStarView.m in Sources */ = {isa = PBXBuildFile; fileRef = 4A191F2226370658005550C8 /* WWStarView.m */; };
		4A191F29263708D7005550C8 /* FilmFacotryShangyingDetailViewController.m in Sources */ = {isa = PBXBuildFile; fileRef = 4A191F28263708D7005550C8 /* FilmFacotryShangyingDetailViewController.m */; };
		4A48FEB7262F0E6000D219D5 /* FilmFactoryMsgHeaderView.m in Sources */ = {isa = PBXBuildFile; fileRef = 4A48FEB6262F0E6000D219D5 /* FilmFactoryMsgHeaderView.m */; };
		4A48FEBD262F159300D219D5 /* FilmFactoryBtn.m in Sources */ = {isa = PBXBuildFile; fileRef = 4A48FEBC262F159300D219D5 /* FilmFactoryBtn.m */; };
		4A48FEC3262F16E900D219D5 /* UIView+shadowPath.m in Sources */ = {isa = PBXBuildFile; fileRef = 4A48FEC1262F16E900D219D5 /* UIView+shadowPath.m */; };
		4A48FEC9262F19CC00D219D5 /* FilmFacotryMsgTableViewCell.m in Sources */ = {isa = PBXBuildFile; fileRef = 4A48FEC8262F19CC00D219D5 /* FilmFacotryMsgTableViewCell.m */; };
		4ADAF0942638446A00709F84 /* FilmFactoryMySendViewController.m in Sources */ = {isa = PBXBuildFile; fileRef = 4ADAF0932638446A00709F84 /* FilmFactoryMySendViewController.m */; };
		4ADAF09E2638448000709F84 /* FilmMyYuyueViewController.m in Sources */ = {isa = PBXBuildFile; fileRef = 4ADAF09D2638448000709F84 /* FilmMyYuyueViewController.m */; };
		4ADAF0A82638449100709F84 /* FilmMyColltecdViewController.m in Sources */ = {isa = PBXBuildFile; fileRef = 4ADAF0A72638449100709F84 /* FilmMyColltecdViewController.m */; };
		4ADAF0B12638486500709F84 /* FilmFactoryToolModel.m in Sources */ = {isa = PBXBuildFile; fileRef = 4ADAF0B02638486500709F84 /* FilmFactoryToolModel.m */; };
		4AE8DBBC263506D900D9A0FB /* FilmFacotryLocationDetailHeader.m in Sources */ = {isa = PBXBuildFile; fileRef = 4AE8DBBB263506D900D9A0FB /* FilmFacotryLocationDetailHeader.m */; };
		4AE8DBC226350B2900D9A0FB /* FilmFacroryLoacitonDetailTableViewCell.m in Sources */ = {isa = PBXBuildFile; fileRef = 4AE8DBC126350B2900D9A0FB /* FilmFacroryLoacitonDetailTableViewCell.m */; };
		4AE8DBC826350CCE00D9A0FB /* FilmFacortLoactionDetailFooter.m in Sources */ = {isa = PBXBuildFile; fileRef = 4AE8DBC726350CCE00D9A0FB /* FilmFacortLoactionDetailFooter.m */; };
		4AE8DBCE26350D5000D9A0FB /* ShuyunBallSetingBtn.m in Sources */ = {isa = PBXBuildFile; fileRef = 4AE8DBCD26350D5000D9A0FB /* ShuyunBallSetingBtn.m */; };
		4AE8DBD426350DAA00D9A0FB /* ShuyunTeseBtn.m in Sources */ = {isa = PBXBuildFile; fileRef = 4AE8DBD226350DAA00D9A0FB /* ShuyunTeseBtn.m */; };
		4AE8DBDA2635113000D9A0FB /* FilmLoactionJoinViewController.m in Sources */ = {isa = PBXBuildFile; fileRef = 4AE8DBD92635113000D9A0FB /* FilmLoactionJoinViewController.m */; };
		4AE8DBE026351B3B00D9A0FB /* FilmFactortLoactionModel.m in Sources */ = {isa = PBXBuildFile; fileRef = 4AE8DBDF26351B3A00D9A0FB /* FilmFactortLoactionModel.m */; };
		4AE8DBE62635210100D9A0FB /* AppDelegate+FilmMySafeApp.m in Sources */ = {isa = PBXBuildFile; fileRef = 4AE8DBE52635210100D9A0FB /* AppDelegate+FilmMySafeApp.m */; };
		4AE8DC0226354B0F00D9A0FB /* FilmFactoryZoneModel.m in Sources */ = {isa = PBXBuildFile; fileRef = 4AE8DC0126354B0F00D9A0FB /* FilmFactoryZoneModel.m */; };
		4AE8DC08263550FB00D9A0FB /* FilmFactoryComentModel.m in Sources */ = {isa = PBXBuildFile; fileRef = 4AE8DC07263550FB00D9A0FB /* FilmFactoryComentModel.m */; };
		4AE8DC0F26355E1A00D9A0FB /* FilmFactoryZoneDetailViewController.m in Sources */ = {isa = PBXBuildFile; fileRef = 4AE8DC0E26355E1A00D9A0FB /* FilmFactoryZoneDetailViewController.m */; };
		4AE8DC1826355E6C00D9A0FB /* FilmFacorryZoneDetailheader.m in Sources */ = {isa = PBXBuildFile; fileRef = 4AE8DC1726355E6C00D9A0FB /* FilmFacorryZoneDetailheader.m */; };
		4AE8DC362635686600D9A0FB /* LMJHorizontalScrollText.m in Sources */ = {isa = PBXBuildFile; fileRef = 4AE8DC352635686600D9A0FB /* LMJHorizontalScrollText.m */; };
		4AE8DC3C263568D000D9A0FB /* FilmFarZoneDetiaCell.m in Sources */ = {isa = PBXBuildFile; fileRef = 4AE8DC3A263568CF00D9A0FB /* FilmFarZoneDetiaCell.m */; };
		4AEE2C222635AB4100B2BC43 /* FilmZoneJubaoModel.m in Sources */ = {isa = PBXBuildFile; fileRef = 4AEE2C1E2635AB3F00B2BC43 /* FilmZoneJubaoModel.m */; };
		4AEE2C232635AB4100B2BC43 /* FilmZoneJubaoTableviewCell.m in Sources */ = {isa = PBXBuildFile; fileRef = 4AEE2C1F2635AB4000B2BC43 /* FilmZoneJubaoTableviewCell.m */; };
		4AEE2C242635AB4100B2BC43 /* FilmZoneJbaoController.m in Sources */ = {isa = PBXBuildFile; fileRef = 4AEE2C212635AB4100B2BC43 /* FilmZoneJbaoController.m */; };
		4AEFAE2F2636F697001954F1 /* ShuyunHomeNewsModel.m in Sources */ = {isa = PBXBuildFile; fileRef = 4AEFAE2E2636F697001954F1 /* ShuyunHomeNewsModel.m */; };
		4AEFAE352636F6C0001954F1 /* ShuyunHomeNewsTableViewCell.m in Sources */ = {isa = PBXBuildFile; fileRef = 4AEFAE332636F6C0001954F1 /* ShuyunHomeNewsTableViewCell.m */; };
		4AEFAE3A2636F7D8001954F1 /* city.json in Resources */ = {isa = PBXBuildFile; fileRef = 4AEFAE392636F7D8001954F1 /* city.json */; };
		4AEFAE402636FA81001954F1 /* FilmFactorynewsDetialViewController.m in Sources */ = {isa = PBXBuildFile; fileRef = 4AEFAE3F2636FA81001954F1 /* FilmFactorynewsDetialViewController.m */; };
		4AEFAE47263701B3001954F1 /* FilmFacotryShangyinViewController.m in Sources */ = {isa = PBXBuildFile; fileRef = 4AEFAE46263701B3001954F1 /* FilmFacotryShangyinViewController.m */; };
		4AEFAE4D26370342001954F1 /* FilmFacotryShangyinTableViewCell.m in Sources */ = {isa = PBXBuildFile; fileRef = 4AEFAE4C26370342001954F1 /* FilmFacotryShangyinTableViewCell.m */; };
		8A3EF7F0262EAF73001618BD /* AppDelegate.m in Sources */ = {isa = PBXBuildFile; fileRef = 8A3EF7EF262EAF73001618BD /* AppDelegate.m */; };
		8A3EF7F6262EAF73001618BD /* ViewController.m in Sources */ = {isa = PBXBuildFile; fileRef = 8A3EF7F5262EAF73001618BD /* ViewController.m */; };
		8A3EF7F9262EAF73001618BD /* Main.storyboard in Resources */ = {isa = PBXBuildFile; fileRef = 8A3EF7F7262EAF73001618BD /* Main.storyboard */; };
		8A3EF7FB262EAF75001618BD /* Assets.xcassets in Resources */ = {isa = PBXBuildFile; fileRef = 8A3EF7FA262EAF75001618BD /* Assets.xcassets */; };
		8A3EF7FE262EAF75001618BD /* LaunchScreen.storyboard in Resources */ = {isa = PBXBuildFile; fileRef = 8A3EF7FC262EAF75001618BD /* LaunchScreen.storyboard */; };
		8A3EF801262EAF75001618BD /* main.m in Sources */ = {isa = PBXBuildFile; fileRef = 8A3EF800262EAF75001618BD /* main.m */; };
		8A3EF80B262EAF75001618BD /* FilmFactoryTests.m in Sources */ = {isa = PBXBuildFile; fileRef = 8A3EF80A262EAF75001618BD /* FilmFactoryTests.m */; };
		8A3EF816262EAF75001618BD /* FilmFactoryUITests.m in Sources */ = {isa = PBXBuildFile; fileRef = 8A3EF815262EAF75001618BD /* FilmFactoryUITests.m */; };
		8A3EF863262EB321001618BD /* UIView+frame.m in Sources */ = {isa = PBXBuildFile; fileRef = 8A3EF857262EB321001618BD /* UIView+frame.m */; };
		8A3EF864262EB321001618BD /* UIColor+CHRegex.m in Sources */ = {isa = PBXBuildFile; fileRef = 8A3EF858262EB321001618BD /* UIColor+CHRegex.m */; };
		8A3EF865262EB321001618BD /* UILabel+CDGPSpaceLb.m in Sources */ = {isa = PBXBuildFile; fileRef = 8A3EF859262EB321001618BD /* UILabel+CDGPSpaceLb.m */; };
		8A3EF866262EB321001618BD /* UIViewController+IOS13.m in Sources */ = {isa = PBXBuildFile; fileRef = 8A3EF85A262EB321001618BD /* UIViewController+IOS13.m */; };
		8A3EF867262EB321001618BD /* NSString+CHRegex.m in Sources */ = {isa = PBXBuildFile; fileRef = 8A3EF85C262EB321001618BD /* NSString+CHRegex.m */; };
		8A3EF868262EB321001618BD /* UIButton+CHRegex.m in Sources */ = {isa = PBXBuildFile; fileRef = 8A3EF861262EB321001618BD /* UIButton+CHRegex.m */; };
		8A3EF869262EB321001618BD /* UITextField+AddPlaceholder.m in Sources */ = {isa = PBXBuildFile; fileRef = 8A3EF862262EB321001618BD /* UITextField+AddPlaceholder.m */; };
		8A3EF86F262EB3B7001618BD /* FilmFactoryBaeTabbarViewController.m in Sources */ = {isa = PBXBuildFile; fileRef = 8A3EF86E262EB3B7001618BD /* FilmFactoryBaeTabbarViewController.m */; };
		8A3EF875262EB401001618BD /* FilmFactoryBaseViewController.m in Sources */ = {isa = PBXBuildFile; fileRef = 8A3EF874262EB401001618BD /* FilmFactoryBaseViewController.m */; };
		8A3EF87B262EB43D001618BD /* FilmFactoryHomeViewController.m in Sources */ = {isa = PBXBuildFile; fileRef = 8A3EF87A262EB43D001618BD /* FilmFactoryHomeViewController.m */; };
		8A3EF881262EB5A9001618BD /* FilmFactoryZoneViewController.m in Sources */ = {isa = PBXBuildFile; fileRef = 8A3EF880262EB5A9001618BD /* FilmFactoryZoneViewController.m */; };
		8A3EF887262EB5BA001618BD /* FilmFactoryMsgViewController.m in Sources */ = {isa = PBXBuildFile; fileRef = 8A3EF886262EB5BA001618BD /* FilmFactoryMsgViewController.m */; };
		8A3EF88D262EB5C5001618BD /* FilmFactoryMineViewController.m in Sources */ = {isa = PBXBuildFile; fileRef = 8A3EF88C262EB5C5001618BD /* FilmFactoryMineViewController.m */; };
		8A3EF896262EC1D4001618BD /* FilmFactoryZoneTableViewCell.m in Sources */ = {isa = PBXBuildFile; fileRef = 8A3EF895262EC1D4001618BD /* FilmFactoryZoneTableViewCell.m */; };
		8A3EF89C262EC469001618BD /* FilmFactorySectionHeader.m in Sources */ = {isa = PBXBuildFile; fileRef = 8A3EF89B262EC469001618BD /* FilmFactorySectionHeader.m */; };
		8A54C4AF26364A95008E3A6B /* FilmFactroysysTemViewController.m in Sources */ = {isa = PBXBuildFile; fileRef = 8A54C4AE26364A95008E3A6B /* FilmFactroysysTemViewController.m */; };
		8A54C4B826364AA1008E3A6B /* FilmFactoryZanViewController.m in Sources */ = {isa = PBXBuildFile; fileRef = 8A54C4B726364AA1008E3A6B /* FilmFactoryZanViewController.m */; };
		8A54C4BE26364AB0008E3A6B /* FilmFactoryComenmtNotiViewController.m in Sources */ = {isa = PBXBuildFile; fileRef = 8A54C4BD26364AB0008E3A6B /* FilmFactoryComenmtNotiViewController.m */; };
		8A54C4C426364C5E008E3A6B /* FilmFactroysystemTableViewCell.m in Sources */ = {isa = PBXBuildFile; fileRef = 8A54C4C326364C5E008E3A6B /* FilmFactroysystemTableViewCell.m */; };
		8A54C4CA263666E4008E3A6B /* FilmFacotrysystemDetailViewController.m in Sources */ = {isa = PBXBuildFile; fileRef = 8A54C4C9263666E4008E3A6B /* FilmFacotrysystemDetailViewController.m */; };
		8A54C4D726366912008E3A6B /* FilmChatDetailMoel.m in Sources */ = {isa = PBXBuildFile; fileRef = 8A54C4D026366911008E3A6B /* FilmChatDetailMoel.m */; };
		8A54C4D826366912008E3A6B /* FilmChatDetailTableCell.m in Sources */ = {isa = PBXBuildFile; fileRef = 8A54C4D426366912008E3A6B /* FilmChatDetailTableCell.m */; };
		8A54C4D926366912008E3A6B /* FilmChatZoneChatDetailToolsView.m in Sources */ = {isa = PBXBuildFile; fileRef = 8A54C4D526366912008E3A6B /* FilmChatZoneChatDetailToolsView.m */; };
		8A54C4DA26366912008E3A6B /* FilmChatChatDetailViewController.m in Sources */ = {isa = PBXBuildFile; fileRef = 8A54C4D626366912008E3A6B /* FilmChatChatDetailViewController.m */; };
		8A54C4E026366946008E3A6B /* FilmChatMsgListModel.m in Sources */ = {isa = PBXBuildFile; fileRef = 8A54C4DE26366946008E3A6B /* FilmChatMsgListModel.m */; };
		8A54C4E726366CC0008E3A6B /* FilmFactoryNewsViewController.m in Sources */ = {isa = PBXBuildFile; fileRef = 8A54C4E626366CC0008E3A6B /* FilmFactoryNewsViewController.m */; };
		8A54C502263680E0008E3A6B /* FilmFActorySendZoneConroller.m in Sources */ = {isa = PBXBuildFile; fileRef = 8A54C4FE263680E0008E3A6B /* FilmFActorySendZoneConroller.m */; };
		8A54C503263680E0008E3A6B /* FilmFactorySendZoneCollectionCell.m in Sources */ = {isa = PBXBuildFile; fileRef = 8A54C500263680E0008E3A6B /* FilmFactorySendZoneCollectionCell.m */; };
		8A72B652262FB44400582123 /* FilmFacroyHomeTableViewCell.m in Sources */ = {isa = PBXBuildFile; fileRef = 8A72B651262FB44400582123 /* FilmFacroyHomeTableViewCell.m */; };
		8A72B658262FB4C000582123 /* FilmFactoryHomeHeaderView.m in Sources */ = {isa = PBXBuildFile; fileRef = 8A72B657262FB4C000582123 /* FilmFactoryHomeHeaderView.m */; };
		8A72B684262FBF4700582123 /* FilmFactoryMovieView.m in Sources */ = {isa = PBXBuildFile; fileRef = 8A72B683262FBF4700582123 /* FilmFactoryMovieView.m */; };
		8A72B68A262FC38800582123 /* FilmFactoryHomeBtn.m in Sources */ = {isa = PBXBuildFile; fileRef = 8A72B689262FC38800582123 /* FilmFactoryHomeBtn.m */; };
		8A72B6A3262FF1EC00582123 /* FilmFactoryLoactionViewController.m in Sources */ = {isa = PBXBuildFile; fileRef = 8A72B6A2262FF1EC00582123 /* FilmFactoryLoactionViewController.m */; };
		8A72B6AC262FF41500582123 /* FilmFactoryLoactionTableViewCell.m in Sources */ = {isa = PBXBuildFile; fileRef = 8A72B6AB262FF41500582123 /* FilmFactoryLoactionTableViewCell.m */; };
		8A72B6B32630026400582123 /* FilmFactorHomeMoreViewController.m in Sources */ = {isa = PBXBuildFile; fileRef = 8A72B6B22630026400582123 /* FilmFactorHomeMoreViewController.m */; };
		8A91B79F2632658C006A3EC1 /* FilmFacroryHomeDetailViewController.m in Sources */ = {isa = PBXBuildFile; fileRef = 8A91B79E2632658C006A3EC1 /* FilmFacroryHomeDetailViewController.m */; };
		8A91B7A526326620006A3EC1 /* FilmFacoryHomeDetailHeader.m in Sources */ = {isa = PBXBuildFile; fileRef = 8A91B7A426326620006A3EC1 /* FilmFacoryHomeDetailHeader.m */; };
		8A91B7AB263268D6006A3EC1 /* FilmacroryMineTableViewCell.m in Sources */ = {isa = PBXBuildFile; fileRef = 8A91B7AA263268D6006A3EC1 /* FilmacroryMineTableViewCell.m */; };
		8A91B7B126326915006A3EC1 /* FilmFacroryMineHeaderView.m in Sources */ = {isa = PBXBuildFile; fileRef = 8A91B7B026326915006A3EC1 /* FilmFacroryMineHeaderView.m */; };
		8A91B80A26329BF5006A3EC1 /* FilmFactorySugestionViewController.m in Sources */ = {isa = PBXBuildFile; fileRef = 8A91B80926329BF5006A3EC1 /* FilmFactorySugestionViewController.m */; };
		8A91B81226329C90006A3EC1 /* FilmFactoryModel.m in Sources */ = {isa = PBXBuildFile; fileRef = 8A91B80E26329C8F006A3EC1 /* FilmFactoryModel.m */; };
		8A91B81326329C90006A3EC1 /* FilmFacotroySugestionTableCell.m in Sources */ = {isa = PBXBuildFile; fileRef = 8A91B81026329C8F006A3EC1 /* FilmFacotroySugestionTableCell.m */; };
		8A91B8352632A033006A3EC1 /* FilmFactoryAboutusViewController.m in Sources */ = {isa = PBXBuildFile; fileRef = 8A91B8342632A033006A3EC1 /* FilmFactoryAboutusViewController.m */; };
		8A91B83D2632A085006A3EC1 /* FilmFactory.html in Resources */ = {isa = PBXBuildFile; fileRef = 8A91B83C2632A085006A3EC1 /* FilmFactory.html */; };
		8A91B8462632A119006A3EC1 /* FilmFacroyCenterBtn.m in Sources */ = {isa = PBXBuildFile; fileRef = 8A91B8452632A119006A3EC1 /* FilmFacroyCenterBtn.m */; };
		8A91B84D2632A319006A3EC1 /* FilmFactoryLoginViewController.m in Sources */ = {isa = PBXBuildFile; fileRef = 8A91B84C2632A319006A3EC1 /* FilmFactoryLoginViewController.m */; };
		8A91B85C2632A331006A3EC1 /* FilmFactoryFindPasseordViewController.m in Sources */ = {isa = PBXBuildFile; fileRef = 8A91B85B2632A331006A3EC1 /* FilmFactoryFindPasseordViewController.m */; };
		8A91B8662632A6DB006A3EC1 /* FilmFactoryChangeInfoViewController.m in Sources */ = {isa = PBXBuildFile; fileRef = 8A91B8652632A6DB006A3EC1 /* FilmFactoryChangeInfoViewController.m */; };
		8A91B86F2632A9DD006A3EC1 /* FilmFacorrLoactoinDetailViewController.m in Sources */ = {isa = PBXBuildFile; fileRef = 8A91B86E2632A9DD006A3EC1 /* FilmFacorrLoactoinDetailViewController.m */; };
		8A91B8752632AAFA006A3EC1 /* FilmFactorLoacitonTypeTableViewCell.m in Sources */ = {isa = PBXBuildFile; fileRef = 8A91B8742632AAFA006A3EC1 /* FilmFactorLoacitonTypeTableViewCell.m */; };
		8AAF728826379A600002D80C /* FilmFacotryShangyinDetailHeader.m in Sources */ = {isa = PBXBuildFile; fileRef = 8AAF728726379A600002D80C /* FilmFacotryShangyinDetailHeader.m */; };
		8AAF728E2637A3550002D80C /* FilmFacoreyCoinView.m in Sources */ = {isa = PBXBuildFile; fileRef = 8AAF728D2637A3550002D80C /* FilmFacoreyCoinView.m */; };
		8AAF72942637AA3B0002D80C /* FilmFacotryArticlCollectionViewCell.m in Sources */ = {isa = PBXBuildFile; fileRef = 8AAF72932637AA3B0002D80C /* FilmFacotryArticlCollectionViewCell.m */; };
		8AAF729A2637BD390002D80C /* FilmFacotryHomeModel.m in Sources */ = {isa = PBXBuildFile; fileRef = 8AAF72992637BD390002D80C /* FilmFacotryHomeModel.m */; };
		8AAF72A02637F21C0002D80C /* FilmFactoryShangyinModel.m in Sources */ = {isa = PBXBuildFile; fileRef = 8AAF729F2637F21C0002D80C /* FilmFactoryShangyinModel.m */; };
		DFA9BFE950DB437D2EE1B717 /* Pods_FilmFactory.framework in Frameworks */ = {isa = PBXBuildFile; fileRef = D3870E69F16227DF6709ADAF /* Pods_FilmFactory.framework */; };
/* End PBXBuildFile section */

/* Begin PBXContainerItemProxy section */
		8A3EF807262EAF75001618BD /* PBXContainerItemProxy */ = {
			isa = PBXContainerItemProxy;
			containerPortal = 8A3EF7E3262EAF73001618BD /* Project object */;
			proxyType = 1;
			remoteGlobalIDString = 8A3EF7EA262EAF73001618BD;
			remoteInfo = FilmFactory;
		};
		8A3EF812262EAF75001618BD /* PBXContainerItemProxy */ = {
			isa = PBXContainerItemProxy;
			containerPortal = 8A3EF7E3262EAF73001618BD /* Project object */;
			proxyType = 1;
			remoteGlobalIDString = 8A3EF7EA262EAF73001618BD;
			remoteInfo = FilmFactory;
		};
/* End PBXContainerItemProxy section */

/* Begin PBXFileReference section */
		18116D595DADAB36A75DFE60 /* Pods-FilmFactory.release.xcconfig */ = {isa = PBXFileReference; includeInIndex = 1; lastKnownFileType = text.xcconfig; name = "Pods-FilmFactory.release.xcconfig"; path = "Target Support Files/Pods-FilmFactory/Pods-FilmFactory.release.xcconfig"; sourceTree = "<group>"; };
		4A191F2126370657005550C8 /* WWStarView.h */ = {isa = PBXFileReference; fileEncoding = 4; lastKnownFileType = sourcecode.c.h; path = WWStarView.h; sourceTree = "<group>"; };
		4A191F2226370658005550C8 /* WWStarView.m */ = {isa = PBXFileReference; fileEncoding = 4; lastKnownFileType = sourcecode.c.objc; path = WWStarView.m; sourceTree = "<group>"; };
		4A191F27263708D7005550C8 /* FilmFacotryShangyingDetailViewController.h */ = {isa = PBXFileReference; lastKnownFileType = sourcecode.c.h; path = FilmFacotryShangyingDetailViewController.h; sourceTree = "<group>"; };
		4A191F28263708D7005550C8 /* FilmFacotryShangyingDetailViewController.m */ = {isa = PBXFileReference; lastKnownFileType = sourcecode.c.objc; path = FilmFacotryShangyingDetailViewController.m; sourceTree = "<group>"; };
		4A48FEB5262F0E6000D219D5 /* FilmFactoryMsgHeaderView.h */ = {isa = PBXFileReference; lastKnownFileType = sourcecode.c.h; path = FilmFactoryMsgHeaderView.h; sourceTree = "<group>"; };
		4A48FEB6262F0E6000D219D5 /* FilmFactoryMsgHeaderView.m */ = {isa = PBXFileReference; lastKnownFileType = sourcecode.c.objc; path = FilmFactoryMsgHeaderView.m; sourceTree = "<group>"; };
		4A48FEBB262F159300D219D5 /* FilmFactoryBtn.h */ = {isa = PBXFileReference; lastKnownFileType = sourcecode.c.h; path = FilmFactoryBtn.h; sourceTree = "<group>"; };
		4A48FEBC262F159300D219D5 /* FilmFactoryBtn.m */ = {isa = PBXFileReference; lastKnownFileType = sourcecode.c.objc; path = FilmFactoryBtn.m; sourceTree = "<group>"; };
		4A48FEC1262F16E900D219D5 /* UIView+shadowPath.m */ = {isa = PBXFileReference; fileEncoding = 4; lastKnownFileType = sourcecode.c.objc; path = "UIView+shadowPath.m"; sourceTree = "<group>"; };
		4A48FEC2262F16E900D219D5 /* UIView+shadowPath.h */ = {isa = PBXFileReference; fileEncoding = 4; lastKnownFileType = sourcecode.c.h; path = "UIView+shadowPath.h"; sourceTree = "<group>"; };
		4A48FEC7262F19CC00D219D5 /* FilmFacotryMsgTableViewCell.h */ = {isa = PBXFileReference; lastKnownFileType = sourcecode.c.h; path = FilmFacotryMsgTableViewCell.h; sourceTree = "<group>"; };
		4A48FEC8262F19CC00D219D5 /* FilmFacotryMsgTableViewCell.m */ = {isa = PBXFileReference; lastKnownFileType = sourcecode.c.objc; path = FilmFacotryMsgTableViewCell.m; sourceTree = "<group>"; };
		4ADAF0922638446A00709F84 /* FilmFactoryMySendViewController.h */ = {isa = PBXFileReference; lastKnownFileType = sourcecode.c.h; path = FilmFactoryMySendViewController.h; sourceTree = "<group>"; };
		4ADAF0932638446A00709F84 /* FilmFactoryMySendViewController.m */ = {isa = PBXFileReference; lastKnownFileType = sourcecode.c.objc; path = FilmFactoryMySendViewController.m; sourceTree = "<group>"; };
		4ADAF09C2638448000709F84 /* FilmMyYuyueViewController.h */ = {isa = PBXFileReference; lastKnownFileType = sourcecode.c.h; path = FilmMyYuyueViewController.h; sourceTree = "<group>"; };
		4ADAF09D2638448000709F84 /* FilmMyYuyueViewController.m */ = {isa = PBXFileReference; lastKnownFileType = sourcecode.c.objc; path = FilmMyYuyueViewController.m; sourceTree = "<group>"; };
		4ADAF0A62638449100709F84 /* FilmMyColltecdViewController.h */ = {isa = PBXFileReference; lastKnownFileType = sourcecode.c.h; path = FilmMyColltecdViewController.h; sourceTree = "<group>"; };
		4ADAF0A72638449100709F84 /* FilmMyColltecdViewController.m */ = {isa = PBXFileReference; lastKnownFileType = sourcecode.c.objc; path = FilmMyColltecdViewController.m; sourceTree = "<group>"; };
		4ADAF0AF2638486500709F84 /* FilmFactoryToolModel.h */ = {isa = PBXFileReference; fileEncoding = 4; lastKnownFileType = sourcecode.c.h; path = FilmFactoryToolModel.h; sourceTree = "<group>"; };
		4ADAF0B02638486500709F84 /* FilmFactoryToolModel.m */ = {isa = PBXFileReference; fileEncoding = 4; lastKnownFileType = sourcecode.c.objc; path = FilmFactoryToolModel.m; sourceTree = "<group>"; };
		4AE8DBBA263506D900D9A0FB /* FilmFacotryLocationDetailHeader.h */ = {isa = PBXFileReference; lastKnownFileType = sourcecode.c.h; path = FilmFacotryLocationDetailHeader.h; sourceTree = "<group>"; };
		4AE8DBBB263506D900D9A0FB /* FilmFacotryLocationDetailHeader.m */ = {isa = PBXFileReference; lastKnownFileType = sourcecode.c.objc; path = FilmFacotryLocationDetailHeader.m; sourceTree = "<group>"; };
		4AE8DBC026350B2900D9A0FB /* FilmFacroryLoacitonDetailTableViewCell.h */ = {isa = PBXFileReference; lastKnownFileType = sourcecode.c.h; path = FilmFacroryLoacitonDetailTableViewCell.h; sourceTree = "<group>"; };
		4AE8DBC126350B2900D9A0FB /* FilmFacroryLoacitonDetailTableViewCell.m */ = {isa = PBXFileReference; lastKnownFileType = sourcecode.c.objc; path = FilmFacroryLoacitonDetailTableViewCell.m; sourceTree = "<group>"; };
		4AE8DBC626350CCE00D9A0FB /* FilmFacortLoactionDetailFooter.h */ = {isa = PBXFileReference; lastKnownFileType = sourcecode.c.h; path = FilmFacortLoactionDetailFooter.h; sourceTree = "<group>"; };
		4AE8DBC726350CCE00D9A0FB /* FilmFacortLoactionDetailFooter.m */ = {isa = PBXFileReference; lastKnownFileType = sourcecode.c.objc; path = FilmFacortLoactionDetailFooter.m; sourceTree = "<group>"; };
		4AE8DBCC26350D5000D9A0FB /* ShuyunBallSetingBtn.h */ = {isa = PBXFileReference; fileEncoding = 4; lastKnownFileType = sourcecode.c.h; path = ShuyunBallSetingBtn.h; sourceTree = "<group>"; };
		4AE8DBCD26350D5000D9A0FB /* ShuyunBallSetingBtn.m */ = {isa = PBXFileReference; fileEncoding = 4; lastKnownFileType = sourcecode.c.objc; path = ShuyunBallSetingBtn.m; sourceTree = "<group>"; };
		4AE8DBD226350DAA00D9A0FB /* ShuyunTeseBtn.m */ = {isa = PBXFileReference; fileEncoding = 4; lastKnownFileType = sourcecode.c.objc; path = ShuyunTeseBtn.m; sourceTree = "<group>"; };
		4AE8DBD326350DAA00D9A0FB /* ShuyunTeseBtn.h */ = {isa = PBXFileReference; fileEncoding = 4; lastKnownFileType = sourcecode.c.h; path = ShuyunTeseBtn.h; sourceTree = "<group>"; };
		4AE8DBD82635113000D9A0FB /* FilmLoactionJoinViewController.h */ = {isa = PBXFileReference; lastKnownFileType = sourcecode.c.h; path = FilmLoactionJoinViewController.h; sourceTree = "<group>"; };
		4AE8DBD92635113000D9A0FB /* FilmLoactionJoinViewController.m */ = {isa = PBXFileReference; lastKnownFileType = sourcecode.c.objc; path = FilmLoactionJoinViewController.m; sourceTree = "<group>"; };
		4AE8DBDE26351B3A00D9A0FB /* FilmFactortLoactionModel.h */ = {isa = PBXFileReference; lastKnownFileType = sourcecode.c.h; path = FilmFactortLoactionModel.h; sourceTree = "<group>"; };
		4AE8DBDF26351B3A00D9A0FB /* FilmFactortLoactionModel.m */ = {isa = PBXFileReference; lastKnownFileType = sourcecode.c.objc; path = FilmFactortLoactionModel.m; sourceTree = "<group>"; };
		4AE8DBE42635210100D9A0FB /* AppDelegate+FilmMySafeApp.h */ = {isa = PBXFileReference; lastKnownFileType = sourcecode.c.h; path = "AppDelegate+FilmMySafeApp.h"; sourceTree = "<group>"; };
		4AE8DBE52635210100D9A0FB /* AppDelegate+FilmMySafeApp.m */ = {isa = PBXFileReference; lastKnownFileType = sourcecode.c.objc; path = "AppDelegate+FilmMySafeApp.m"; sourceTree = "<group>"; };
		4AE8DC0026354B0F00D9A0FB /* FilmFactoryZoneModel.h */ = {isa = PBXFileReference; lastKnownFileType = sourcecode.c.h; path = FilmFactoryZoneModel.h; sourceTree = "<group>"; };
		4AE8DC0126354B0F00D9A0FB /* FilmFactoryZoneModel.m */ = {isa = PBXFileReference; lastKnownFileType = sourcecode.c.objc; path = FilmFactoryZoneModel.m; sourceTree = "<group>"; };
		4AE8DC06263550FB00D9A0FB /* FilmFactoryComentModel.h */ = {isa = PBXFileReference; lastKnownFileType = sourcecode.c.h; path = FilmFactoryComentModel.h; sourceTree = "<group>"; };
		4AE8DC07263550FB00D9A0FB /* FilmFactoryComentModel.m */ = {isa = PBXFileReference; lastKnownFileType = sourcecode.c.objc; path = FilmFactoryComentModel.m; sourceTree = "<group>"; };
		4AE8DC0D26355E1A00D9A0FB /* FilmFactoryZoneDetailViewController.h */ = {isa = PBXFileReference; lastKnownFileType = sourcecode.c.h; path = FilmFactoryZoneDetailViewController.h; sourceTree = "<group>"; };
		4AE8DC0E26355E1A00D9A0FB /* FilmFactoryZoneDetailViewController.m */ = {isa = PBXFileReference; lastKnownFileType = sourcecode.c.objc; path = FilmFactoryZoneDetailViewController.m; sourceTree = "<group>"; };
		4AE8DC1626355E6C00D9A0FB /* FilmFacorryZoneDetailheader.h */ = {isa = PBXFileReference; lastKnownFileType = sourcecode.c.h; path = FilmFacorryZoneDetailheader.h; sourceTree = "<group>"; };
		4AE8DC1726355E6C00D9A0FB /* FilmFacorryZoneDetailheader.m */ = {isa = PBXFileReference; lastKnownFileType = sourcecode.c.objc; path = FilmFacorryZoneDetailheader.m; sourceTree = "<group>"; };
		4AE8DC342635686500D9A0FB /* LMJHorizontalScrollText.h */ = {isa = PBXFileReference; fileEncoding = 4; lastKnownFileType = sourcecode.c.h; path = LMJHorizontalScrollText.h; sourceTree = "<group>"; };
		4AE8DC352635686600D9A0FB /* LMJHorizontalScrollText.m */ = {isa = PBXFileReference; fileEncoding = 4; lastKnownFileType = sourcecode.c.objc; path = LMJHorizontalScrollText.m; sourceTree = "<group>"; };
		4AE8DC3A263568CF00D9A0FB /* FilmFarZoneDetiaCell.m */ = {isa = PBXFileReference; fileEncoding = 4; lastKnownFileType = sourcecode.c.objc; path = FilmFarZoneDetiaCell.m; sourceTree = "<group>"; };
		4AE8DC3B263568D000D9A0FB /* FilmFarZoneDetiaCell.h */ = {isa = PBXFileReference; fileEncoding = 4; lastKnownFileType = sourcecode.c.h; path = FilmFarZoneDetiaCell.h; sourceTree = "<group>"; };
		4AEE2C1C2635AB3E00B2BC43 /* FilmZoneJubaoTableviewCell.h */ = {isa = PBXFileReference; fileEncoding = 4; lastKnownFileType = sourcecode.c.h; path = FilmZoneJubaoTableviewCell.h; sourceTree = "<group>"; };
		4AEE2C1D2635AB3F00B2BC43 /* FilmZoneJbaoController.h */ = {isa = PBXFileReference; fileEncoding = 4; lastKnownFileType = sourcecode.c.h; path = FilmZoneJbaoController.h; sourceTree = "<group>"; };
		4AEE2C1E2635AB3F00B2BC43 /* FilmZoneJubaoModel.m */ = {isa = PBXFileReference; fileEncoding = 4; lastKnownFileType = sourcecode.c.objc; path = FilmZoneJubaoModel.m; sourceTree = "<group>"; };
		4AEE2C1F2635AB4000B2BC43 /* FilmZoneJubaoTableviewCell.m */ = {isa = PBXFileReference; fileEncoding = 4; lastKnownFileType = sourcecode.c.objc; path = FilmZoneJubaoTableviewCell.m; sourceTree = "<group>"; };
		4AEE2C202635AB4000B2BC43 /* FilmZoneJubaoModel.h */ = {isa = PBXFileReference; fileEncoding = 4; lastKnownFileType = sourcecode.c.h; path = FilmZoneJubaoModel.h; sourceTree = "<group>"; };
		4AEE2C212635AB4100B2BC43 /* FilmZoneJbaoController.m */ = {isa = PBXFileReference; fileEncoding = 4; lastKnownFileType = sourcecode.c.objc; path = FilmZoneJbaoController.m; sourceTree = "<group>"; };
		4AEFAE2D2636F697001954F1 /* ShuyunHomeNewsModel.h */ = {isa = PBXFileReference; fileEncoding = 4; lastKnownFileType = sourcecode.c.h; path = ShuyunHomeNewsModel.h; sourceTree = "<group>"; };
		4AEFAE2E2636F697001954F1 /* ShuyunHomeNewsModel.m */ = {isa = PBXFileReference; fileEncoding = 4; lastKnownFileType = sourcecode.c.objc; path = ShuyunHomeNewsModel.m; sourceTree = "<group>"; };
		4AEFAE332636F6C0001954F1 /* ShuyunHomeNewsTableViewCell.m */ = {isa = PBXFileReference; fileEncoding = 4; lastKnownFileType = sourcecode.c.objc; path = ShuyunHomeNewsTableViewCell.m; sourceTree = "<group>"; };
		4AEFAE342636F6C0001954F1 /* ShuyunHomeNewsTableViewCell.h */ = {isa = PBXFileReference; fileEncoding = 4; lastKnownFileType = sourcecode.c.h; path = ShuyunHomeNewsTableViewCell.h; sourceTree = "<group>"; };
		4AEFAE392636F7D8001954F1 /* city.json */ = {isa = PBXFileReference; fileEncoding = 4; lastKnownFileType = text.json; path = city.json; sourceTree = "<group>"; };
		4AEFAE3E2636FA81001954F1 /* FilmFactorynewsDetialViewController.h */ = {isa = PBXFileReference; lastKnownFileType = sourcecode.c.h; path = FilmFactorynewsDetialViewController.h; sourceTree = "<group>"; };
		4AEFAE3F2636FA81001954F1 /* FilmFactorynewsDetialViewController.m */ = {isa = PBXFileReference; lastKnownFileType = sourcecode.c.objc; path = FilmFactorynewsDetialViewController.m; sourceTree = "<group>"; };
		4AEFAE45263701B3001954F1 /* FilmFacotryShangyinViewController.h */ = {isa = PBXFileReference; lastKnownFileType = sourcecode.c.h; path = FilmFacotryShangyinViewController.h; sourceTree = "<group>"; };
		4AEFAE46263701B3001954F1 /* FilmFacotryShangyinViewController.m */ = {isa = PBXFileReference; lastKnownFileType = sourcecode.c.objc; path = FilmFacotryShangyinViewController.m; sourceTree = "<group>"; };
		4AEFAE4B26370342001954F1 /* FilmFacotryShangyinTableViewCell.h */ = {isa = PBXFileReference; lastKnownFileType = sourcecode.c.h; path = FilmFacotryShangyinTableViewCell.h; sourceTree = "<group>"; };
		4AEFAE4C26370342001954F1 /* FilmFacotryShangyinTableViewCell.m */ = {isa = PBXFileReference; lastKnownFileType = sourcecode.c.objc; path = FilmFacotryShangyinTableViewCell.m; sourceTree = "<group>"; };
		8A3EF7EB262EAF73001618BD /* FilmFactory.app */ = {isa = PBXFileReference; explicitFileType = wrapper.application; includeInIndex = 0; path = FilmFactory.app; sourceTree = BUILT_PRODUCTS_DIR; };
		8A3EF7EE262EAF73001618BD /* AppDelegate.h */ = {isa = PBXFileReference; lastKnownFileType = sourcecode.c.h; path = AppDelegate.h; sourceTree = "<group>"; };
		8A3EF7EF262EAF73001618BD /* AppDelegate.m */ = {isa = PBXFileReference; lastKnownFileType = sourcecode.c.objc; path = AppDelegate.m; sourceTree = "<group>"; };
		8A3EF7F4262EAF73001618BD /* ViewController.h */ = {isa = PBXFileReference; lastKnownFileType = sourcecode.c.h; path = ViewController.h; sourceTree = "<group>"; };
		8A3EF7F5262EAF73001618BD /* ViewController.m */ = {isa = PBXFileReference; lastKnownFileType = sourcecode.c.objc; path = ViewController.m; sourceTree = "<group>"; };
		8A3EF7F8262EAF73001618BD /* Base */ = {isa = PBXFileReference; lastKnownFileType = file.storyboard; name = Base; path = Base.lproj/Main.storyboard; sourceTree = "<group>"; };
		8A3EF7FA262EAF75001618BD /* Assets.xcassets */ = {isa = PBXFileReference; lastKnownFileType = folder.assetcatalog; path = Assets.xcassets; sourceTree = "<group>"; };
		8A3EF7FD262EAF75001618BD /* Base */ = {isa = PBXFileReference; lastKnownFileType = file.storyboard; name = Base; path = Base.lproj/LaunchScreen.storyboard; sourceTree = "<group>"; };
		8A3EF7FF262EAF75001618BD /* Info.plist */ = {isa = PBXFileReference; lastKnownFileType = text.plist.xml; path = Info.plist; sourceTree = "<group>"; };
		8A3EF800262EAF75001618BD /* main.m */ = {isa = PBXFileReference; lastKnownFileType = sourcecode.c.objc; path = main.m; sourceTree = "<group>"; };
		8A3EF806262EAF75001618BD /* FilmFactoryTests.xctest */ = {isa = PBXFileReference; explicitFileType = wrapper.cfbundle; includeInIndex = 0; path = FilmFactoryTests.xctest; sourceTree = BUILT_PRODUCTS_DIR; };
		8A3EF80A262EAF75001618BD /* FilmFactoryTests.m */ = {isa = PBXFileReference; lastKnownFileType = sourcecode.c.objc; path = FilmFactoryTests.m; sourceTree = "<group>"; };
		8A3EF80C262EAF75001618BD /* Info.plist */ = {isa = PBXFileReference; lastKnownFileType = text.plist.xml; path = Info.plist; sourceTree = "<group>"; };
		8A3EF811262EAF75001618BD /* FilmFactoryUITests.xctest */ = {isa = PBXFileReference; explicitFileType = wrapper.cfbundle; includeInIndex = 0; path = FilmFactoryUITests.xctest; sourceTree = BUILT_PRODUCTS_DIR; };
		8A3EF815262EAF75001618BD /* FilmFactoryUITests.m */ = {isa = PBXFileReference; lastKnownFileType = sourcecode.c.objc; path = FilmFactoryUITests.m; sourceTree = "<group>"; };
		8A3EF817262EAF75001618BD /* Info.plist */ = {isa = PBXFileReference; lastKnownFileType = text.plist.xml; path = Info.plist; sourceTree = "<group>"; };
		8A3EF83C262EAFEB001618BD /* Header.h */ = {isa = PBXFileReference; lastKnownFileType = sourcecode.c.h; path = Header.h; sourceTree = "<group>"; };
		8A3EF840262EAFF5001618BD /* PrefixHeader.pch */ = {isa = PBXFileReference; lastKnownFileType = sourcecode.c.h; path = PrefixHeader.pch; sourceTree = "<group>"; };
		8A3EF855262EB320001618BD /* UIColor+CHRegex.h */ = {isa = PBXFileReference; fileEncoding = 4; lastKnownFileType = sourcecode.c.h; path = "UIColor+CHRegex.h"; sourceTree = "<group>"; };
		8A3EF856262EB320001618BD /* UILabel+CDGPSpaceLb.h */ = {isa = PBXFileReference; fileEncoding = 4; lastKnownFileType = sourcecode.c.h; path = "UILabel+CDGPSpaceLb.h"; sourceTree = "<group>"; };
		8A3EF857262EB321001618BD /* UIView+frame.m */ = {isa = PBXFileReference; fileEncoding = 4; lastKnownFileType = sourcecode.c.objc; path = "UIView+frame.m"; sourceTree = "<group>"; };
		8A3EF858262EB321001618BD /* UIColor+CHRegex.m */ = {isa = PBXFileReference; fileEncoding = 4; lastKnownFileType = sourcecode.c.objc; path = "UIColor+CHRegex.m"; sourceTree = "<group>"; };
		8A3EF859262EB321001618BD /* UILabel+CDGPSpaceLb.m */ = {isa = PBXFileReference; fileEncoding = 4; lastKnownFileType = sourcecode.c.objc; path = "UILabel+CDGPSpaceLb.m"; sourceTree = "<group>"; };
		8A3EF85A262EB321001618BD /* UIViewController+IOS13.m */ = {isa = PBXFileReference; fileEncoding = 4; lastKnownFileType = sourcecode.c.objc; path = "UIViewController+IOS13.m"; sourceTree = "<group>"; };
		8A3EF85B262EB321001618BD /* UIButton+CHRegex.h */ = {isa = PBXFileReference; fileEncoding = 4; lastKnownFileType = sourcecode.c.h; path = "UIButton+CHRegex.h"; sourceTree = "<group>"; };
		8A3EF85C262EB321001618BD /* NSString+CHRegex.m */ = {isa = PBXFileReference; fileEncoding = 4; lastKnownFileType = sourcecode.c.objc; path = "NSString+CHRegex.m"; sourceTree = "<group>"; };
		8A3EF85D262EB321001618BD /* UIView+frame.h */ = {isa = PBXFileReference; fileEncoding = 4; lastKnownFileType = sourcecode.c.h; path = "UIView+frame.h"; sourceTree = "<group>"; };
		8A3EF85E262EB321001618BD /* NSString+CHRegex.h */ = {isa = PBXFileReference; fileEncoding = 4; lastKnownFileType = sourcecode.c.h; path = "NSString+CHRegex.h"; sourceTree = "<group>"; };
		8A3EF85F262EB321001618BD /* UITextField+AddPlaceholder.h */ = {isa = PBXFileReference; fileEncoding = 4; lastKnownFileType = sourcecode.c.h; path = "UITextField+AddPlaceholder.h"; sourceTree = "<group>"; };
		8A3EF860262EB321001618BD /* UIViewController+IOS13.h */ = {isa = PBXFileReference; fileEncoding = 4; lastKnownFileType = sourcecode.c.h; path = "UIViewController+IOS13.h"; sourceTree = "<group>"; };
		8A3EF861262EB321001618BD /* UIButton+CHRegex.m */ = {isa = PBXFileReference; fileEncoding = 4; lastKnownFileType = sourcecode.c.objc; path = "UIButton+CHRegex.m"; sourceTree = "<group>"; };
		8A3EF862262EB321001618BD /* UITextField+AddPlaceholder.m */ = {isa = PBXFileReference; fileEncoding = 4; lastKnownFileType = sourcecode.c.objc; path = "UITextField+AddPlaceholder.m"; sourceTree = "<group>"; };
		8A3EF86D262EB3B7001618BD /* FilmFactoryBaeTabbarViewController.h */ = {isa = PBXFileReference; lastKnownFileType = sourcecode.c.h; path = FilmFactoryBaeTabbarViewController.h; sourceTree = "<group>"; };
		8A3EF86E262EB3B7001618BD /* FilmFactoryBaeTabbarViewController.m */ = {isa = PBXFileReference; lastKnownFileType = sourcecode.c.objc; path = FilmFactoryBaeTabbarViewController.m; sourceTree = "<group>"; };
		8A3EF873262EB401001618BD /* FilmFactoryBaseViewController.h */ = {isa = PBXFileReference; lastKnownFileType = sourcecode.c.h; path = FilmFactoryBaseViewController.h; sourceTree = "<group>"; };
		8A3EF874262EB401001618BD /* FilmFactoryBaseViewController.m */ = {isa = PBXFileReference; lastKnownFileType = sourcecode.c.objc; path = FilmFactoryBaseViewController.m; sourceTree = "<group>"; };
		8A3EF879262EB43D001618BD /* FilmFactoryHomeViewController.h */ = {isa = PBXFileReference; lastKnownFileType = sourcecode.c.h; path = FilmFactoryHomeViewController.h; sourceTree = "<group>"; };
		8A3EF87A262EB43D001618BD /* FilmFactoryHomeViewController.m */ = {isa = PBXFileReference; lastKnownFileType = sourcecode.c.objc; path = FilmFactoryHomeViewController.m; sourceTree = "<group>"; };
		8A3EF87F262EB5A9001618BD /* FilmFactoryZoneViewController.h */ = {isa = PBXFileReference; lastKnownFileType = sourcecode.c.h; path = FilmFactoryZoneViewController.h; sourceTree = "<group>"; };
		8A3EF880262EB5A9001618BD /* FilmFactoryZoneViewController.m */ = {isa = PBXFileReference; lastKnownFileType = sourcecode.c.objc; path = FilmFactoryZoneViewController.m; sourceTree = "<group>"; };
		8A3EF885262EB5BA001618BD /* FilmFactoryMsgViewController.h */ = {isa = PBXFileReference; lastKnownFileType = sourcecode.c.h; path = FilmFactoryMsgViewController.h; sourceTree = "<group>"; };
		8A3EF886262EB5BA001618BD /* FilmFactoryMsgViewController.m */ = {isa = PBXFileReference; lastKnownFileType = sourcecode.c.objc; path = FilmFactoryMsgViewController.m; sourceTree = "<group>"; };
		8A3EF88B262EB5C5001618BD /* FilmFactoryMineViewController.h */ = {isa = PBXFileReference; lastKnownFileType = sourcecode.c.h; path = FilmFactoryMineViewController.h; sourceTree = "<group>"; };
		8A3EF88C262EB5C5001618BD /* FilmFactoryMineViewController.m */ = {isa = PBXFileReference; lastKnownFileType = sourcecode.c.objc; path = FilmFactoryMineViewController.m; sourceTree = "<group>"; };
		8A3EF894262EC1D4001618BD /* FilmFactoryZoneTableViewCell.h */ = {isa = PBXFileReference; lastKnownFileType = sourcecode.c.h; path = FilmFactoryZoneTableViewCell.h; sourceTree = "<group>"; };
		8A3EF895262EC1D4001618BD /* FilmFactoryZoneTableViewCell.m */ = {isa = PBXFileReference; lastKnownFileType = sourcecode.c.objc; path = FilmFactoryZoneTableViewCell.m; sourceTree = "<group>"; };
		8A3EF89A262EC469001618BD /* FilmFactorySectionHeader.h */ = {isa = PBXFileReference; lastKnownFileType = sourcecode.c.h; path = FilmFactorySectionHeader.h; sourceTree = "<group>"; };
		8A3EF89B262EC469001618BD /* FilmFactorySectionHeader.m */ = {isa = PBXFileReference; lastKnownFileType = sourcecode.c.objc; path = FilmFactorySectionHeader.m; sourceTree = "<group>"; };
		8A54C4AD26364A95008E3A6B /* FilmFactroysysTemViewController.h */ = {isa = PBXFileReference; lastKnownFileType = sourcecode.c.h; path = FilmFactroysysTemViewController.h; sourceTree = "<group>"; };
		8A54C4AE26364A95008E3A6B /* FilmFactroysysTemViewController.m */ = {isa = PBXFileReference; lastKnownFileType = sourcecode.c.objc; path = FilmFactroysysTemViewController.m; sourceTree = "<group>"; };
		8A54C4B626364AA1008E3A6B /* FilmFactoryZanViewController.h */ = {isa = PBXFileReference; lastKnownFileType = sourcecode.c.h; path = FilmFactoryZanViewController.h; sourceTree = "<group>"; };
		8A54C4B726364AA1008E3A6B /* FilmFactoryZanViewController.m */ = {isa = PBXFileReference; lastKnownFileType = sourcecode.c.objc; path = FilmFactoryZanViewController.m; sourceTree = "<group>"; };
		8A54C4BC26364AB0008E3A6B /* FilmFactoryComenmtNotiViewController.h */ = {isa = PBXFileReference; lastKnownFileType = sourcecode.c.h; path = FilmFactoryComenmtNotiViewController.h; sourceTree = "<group>"; };
		8A54C4BD26364AB0008E3A6B /* FilmFactoryComenmtNotiViewController.m */ = {isa = PBXFileReference; lastKnownFileType = sourcecode.c.objc; path = FilmFactoryComenmtNotiViewController.m; sourceTree = "<group>"; };
		8A54C4C226364C5E008E3A6B /* FilmFactroysystemTableViewCell.h */ = {isa = PBXFileReference; lastKnownFileType = sourcecode.c.h; path = FilmFactroysystemTableViewCell.h; sourceTree = "<group>"; };
		8A54C4C326364C5E008E3A6B /* FilmFactroysystemTableViewCell.m */ = {isa = PBXFileReference; lastKnownFileType = sourcecode.c.objc; path = FilmFactroysystemTableViewCell.m; sourceTree = "<group>"; };
		8A54C4C8263666E4008E3A6B /* FilmFacotrysystemDetailViewController.h */ = {isa = PBXFileReference; lastKnownFileType = sourcecode.c.h; path = FilmFacotrysystemDetailViewController.h; sourceTree = "<group>"; };
		8A54C4C9263666E4008E3A6B /* FilmFacotrysystemDetailViewController.m */ = {isa = PBXFileReference; lastKnownFileType = sourcecode.c.objc; path = FilmFacotrysystemDetailViewController.m; sourceTree = "<group>"; };
		8A54C4CF26366911008E3A6B /* FilmChatChatDetailViewController.h */ = {isa = PBXFileReference; fileEncoding = 4; lastKnownFileType = sourcecode.c.h; path = FilmChatChatDetailViewController.h; sourceTree = "<group>"; };
		8A54C4D026366911008E3A6B /* FilmChatDetailMoel.m */ = {isa = PBXFileReference; fileEncoding = 4; lastKnownFileType = sourcecode.c.objc; path = FilmChatDetailMoel.m; sourceTree = "<group>"; };
		8A54C4D126366912008E3A6B /* FilmChatDetailMoel.h */ = {isa = PBXFileReference; fileEncoding = 4; lastKnownFileType = sourcecode.c.h; path = FilmChatDetailMoel.h; sourceTree = "<group>"; };
		8A54C4D226366912008E3A6B /* FilmChatDetailTableCell.h */ = {isa = PBXFileReference; fileEncoding = 4; lastKnownFileType = sourcecode.c.h; path = FilmChatDetailTableCell.h; sourceTree = "<group>"; };
		8A54C4D326366912008E3A6B /* FilmChatZoneChatDetailToolsView.h */ = {isa = PBXFileReference; fileEncoding = 4; lastKnownFileType = sourcecode.c.h; path = FilmChatZoneChatDetailToolsView.h; sourceTree = "<group>"; };
		8A54C4D426366912008E3A6B /* FilmChatDetailTableCell.m */ = {isa = PBXFileReference; fileEncoding = 4; lastKnownFileType = sourcecode.c.objc; path = FilmChatDetailTableCell.m; sourceTree = "<group>"; };
		8A54C4D526366912008E3A6B /* FilmChatZoneChatDetailToolsView.m */ = {isa = PBXFileReference; fileEncoding = 4; lastKnownFileType = sourcecode.c.objc; path = FilmChatZoneChatDetailToolsView.m; sourceTree = "<group>"; };
		8A54C4D626366912008E3A6B /* FilmChatChatDetailViewController.m */ = {isa = PBXFileReference; fileEncoding = 4; lastKnownFileType = sourcecode.c.objc; path = FilmChatChatDetailViewController.m; sourceTree = "<group>"; };
		8A54C4DE26366946008E3A6B /* FilmChatMsgListModel.m */ = {isa = PBXFileReference; fileEncoding = 4; lastKnownFileType = sourcecode.c.objc; path = FilmChatMsgListModel.m; sourceTree = "<group>"; };
		8A54C4DF26366946008E3A6B /* FilmChatMsgListModel.h */ = {isa = PBXFileReference; fileEncoding = 4; lastKnownFileType = sourcecode.c.h; path = FilmChatMsgListModel.h; sourceTree = "<group>"; };
		8A54C4E526366CC0008E3A6B /* FilmFactoryNewsViewController.h */ = {isa = PBXFileReference; lastKnownFileType = sourcecode.c.h; path = FilmFactoryNewsViewController.h; sourceTree = "<group>"; };
		8A54C4E626366CC0008E3A6B /* FilmFactoryNewsViewController.m */ = {isa = PBXFileReference; lastKnownFileType = sourcecode.c.objc; path = FilmFactoryNewsViewController.m; sourceTree = "<group>"; };
		8A54C4FE263680E0008E3A6B /* FilmFActorySendZoneConroller.m */ = {isa = PBXFileReference; fileEncoding = 4; lastKnownFileType = sourcecode.c.objc; path = FilmFActorySendZoneConroller.m; sourceTree = "<group>"; };
		8A54C4FF263680E0008E3A6B /* FilmFActorySendZoneConroller.h */ = {isa = PBXFileReference; fileEncoding = 4; lastKnownFileType = sourcecode.c.h; path = FilmFActorySendZoneConroller.h; sourceTree = "<group>"; };
		8A54C500263680E0008E3A6B /* FilmFactorySendZoneCollectionCell.m */ = {isa = PBXFileReference; fileEncoding = 4; lastKnownFileType = sourcecode.c.objc; path = FilmFactorySendZoneCollectionCell.m; sourceTree = "<group>"; };
		8A54C501263680E0008E3A6B /* FilmFactorySendZoneCollectionCell.h */ = {isa = PBXFileReference; fileEncoding = 4; lastKnownFileType = sourcecode.c.h; path = FilmFactorySendZoneCollectionCell.h; sourceTree = "<group>"; };
		8A72B650262FB44400582123 /* FilmFacroyHomeTableViewCell.h */ = {isa = PBXFileReference; lastKnownFileType = sourcecode.c.h; path = FilmFacroyHomeTableViewCell.h; sourceTree = "<group>"; };
		8A72B651262FB44400582123 /* FilmFacroyHomeTableViewCell.m */ = {isa = PBXFileReference; lastKnownFileType = sourcecode.c.objc; path = FilmFacroyHomeTableViewCell.m; sourceTree = "<group>"; };
		8A72B656262FB4C000582123 /* FilmFactoryHomeHeaderView.h */ = {isa = PBXFileReference; lastKnownFileType = sourcecode.c.h; path = FilmFactoryHomeHeaderView.h; sourceTree = "<group>"; };
		8A72B657262FB4C000582123 /* FilmFactoryHomeHeaderView.m */ = {isa = PBXFileReference; lastKnownFileType = sourcecode.c.objc; path = FilmFactoryHomeHeaderView.m; sourceTree = "<group>"; };
		8A72B682262FBF4700582123 /* FilmFactoryMovieView.h */ = {isa = PBXFileReference; lastKnownFileType = sourcecode.c.h; path = FilmFactoryMovieView.h; sourceTree = "<group>"; };
		8A72B683262FBF4700582123 /* FilmFactoryMovieView.m */ = {isa = PBXFileReference; lastKnownFileType = sourcecode.c.objc; path = FilmFactoryMovieView.m; sourceTree = "<group>"; };
		8A72B688262FC38800582123 /* FilmFactoryHomeBtn.h */ = {isa = PBXFileReference; lastKnownFileType = sourcecode.c.h; path = FilmFactoryHomeBtn.h; sourceTree = "<group>"; };
		8A72B689262FC38800582123 /* FilmFactoryHomeBtn.m */ = {isa = PBXFileReference; lastKnownFileType = sourcecode.c.objc; path = FilmFactoryHomeBtn.m; sourceTree = "<group>"; };
		8A72B6A1262FF1EC00582123 /* FilmFactoryLoactionViewController.h */ = {isa = PBXFileReference; lastKnownFileType = sourcecode.c.h; path = FilmFactoryLoactionViewController.h; sourceTree = "<group>"; };
		8A72B6A2262FF1EC00582123 /* FilmFactoryLoactionViewController.m */ = {isa = PBXFileReference; lastKnownFileType = sourcecode.c.objc; path = FilmFactoryLoactionViewController.m; sourceTree = "<group>"; };
		8A72B6AA262FF41500582123 /* FilmFactoryLoactionTableViewCell.h */ = {isa = PBXFileReference; lastKnownFileType = sourcecode.c.h; path = FilmFactoryLoactionTableViewCell.h; sourceTree = "<group>"; };
		8A72B6AB262FF41500582123 /* FilmFactoryLoactionTableViewCell.m */ = {isa = PBXFileReference; lastKnownFileType = sourcecode.c.objc; path = FilmFactoryLoactionTableViewCell.m; sourceTree = "<group>"; };
		8A72B6B12630026400582123 /* FilmFactorHomeMoreViewController.h */ = {isa = PBXFileReference; lastKnownFileType = sourcecode.c.h; path = FilmFactorHomeMoreViewController.h; sourceTree = "<group>"; };
		8A72B6B22630026400582123 /* FilmFactorHomeMoreViewController.m */ = {isa = PBXFileReference; lastKnownFileType = sourcecode.c.objc; path = FilmFactorHomeMoreViewController.m; sourceTree = "<group>"; };
		8A91B79D2632658C006A3EC1 /* FilmFacroryHomeDetailViewController.h */ = {isa = PBXFileReference; lastKnownFileType = sourcecode.c.h; path = FilmFacroryHomeDetailViewController.h; sourceTree = "<group>"; };
		8A91B79E2632658C006A3EC1 /* FilmFacroryHomeDetailViewController.m */ = {isa = PBXFileReference; lastKnownFileType = sourcecode.c.objc; path = FilmFacroryHomeDetailViewController.m; sourceTree = "<group>"; };
		8A91B7A326326620006A3EC1 /* FilmFacoryHomeDetailHeader.h */ = {isa = PBXFileReference; lastKnownFileType = sourcecode.c.h; path = FilmFacoryHomeDetailHeader.h; sourceTree = "<group>"; };
		8A91B7A426326620006A3EC1 /* FilmFacoryHomeDetailHeader.m */ = {isa = PBXFileReference; lastKnownFileType = sourcecode.c.objc; path = FilmFacoryHomeDetailHeader.m; sourceTree = "<group>"; };
		8A91B7A9263268D6006A3EC1 /* FilmacroryMineTableViewCell.h */ = {isa = PBXFileReference; lastKnownFileType = sourcecode.c.h; path = FilmacroryMineTableViewCell.h; sourceTree = "<group>"; };
		8A91B7AA263268D6006A3EC1 /* FilmacroryMineTableViewCell.m */ = {isa = PBXFileReference; lastKnownFileType = sourcecode.c.objc; path = FilmacroryMineTableViewCell.m; sourceTree = "<group>"; };
		8A91B7AF26326914006A3EC1 /* FilmFacroryMineHeaderView.h */ = {isa = PBXFileReference; lastKnownFileType = sourcecode.c.h; path = FilmFacroryMineHeaderView.h; sourceTree = "<group>"; };
		8A91B7B026326915006A3EC1 /* FilmFacroryMineHeaderView.m */ = {isa = PBXFileReference; lastKnownFileType = sourcecode.c.objc; path = FilmFacroryMineHeaderView.m; sourceTree = "<group>"; };
		8A91B80826329BF5006A3EC1 /* FilmFactorySugestionViewController.h */ = {isa = PBXFileReference; lastKnownFileType = sourcecode.c.h; path = FilmFactorySugestionViewController.h; sourceTree = "<group>"; };
		8A91B80926329BF5006A3EC1 /* FilmFactorySugestionViewController.m */ = {isa = PBXFileReference; lastKnownFileType = sourcecode.c.objc; path = FilmFactorySugestionViewController.m; sourceTree = "<group>"; };
		8A91B80E26329C8F006A3EC1 /* FilmFactoryModel.m */ = {isa = PBXFileReference; fileEncoding = 4; lastKnownFileType = sourcecode.c.objc; path = FilmFactoryModel.m; sourceTree = "<group>"; };
		8A91B80F26329C8F006A3EC1 /* FilmFacotroySugestionTableCell.h */ = {isa = PBXFileReference; fileEncoding = 4; lastKnownFileType = sourcecode.c.h; path = FilmFacotroySugestionTableCell.h; sourceTree = "<group>"; };
		8A91B81026329C8F006A3EC1 /* FilmFacotroySugestionTableCell.m */ = {isa = PBXFileReference; fileEncoding = 4; lastKnownFileType = sourcecode.c.objc; path = FilmFacotroySugestionTableCell.m; sourceTree = "<group>"; };
		8A91B81126329C90006A3EC1 /* FilmFactoryModel.h */ = {isa = PBXFileReference; fileEncoding = 4; lastKnownFileType = sourcecode.c.h; path = FilmFactoryModel.h; sourceTree = "<group>"; };
		8A91B8332632A033006A3EC1 /* FilmFactoryAboutusViewController.h */ = {isa = PBXFileReference; lastKnownFileType = sourcecode.c.h; path = FilmFactoryAboutusViewController.h; sourceTree = "<group>"; };
		8A91B8342632A033006A3EC1 /* FilmFactoryAboutusViewController.m */ = {isa = PBXFileReference; lastKnownFileType = sourcecode.c.objc; path = FilmFactoryAboutusViewController.m; sourceTree = "<group>"; };
		8A91B83C2632A085006A3EC1 /* FilmFactory.html */ = {isa = PBXFileReference; fileEncoding = 4; lastKnownFileType = text.html; path = FilmFactory.html; sourceTree = "<group>"; };
		8A91B8442632A119006A3EC1 /* FilmFacroyCenterBtn.h */ = {isa = PBXFileReference; lastKnownFileType = sourcecode.c.h; path = FilmFacroyCenterBtn.h; sourceTree = "<group>"; };
		8A91B8452632A119006A3EC1 /* FilmFacroyCenterBtn.m */ = {isa = PBXFileReference; lastKnownFileType = sourcecode.c.objc; path = FilmFacroyCenterBtn.m; sourceTree = "<group>"; };
		8A91B84B2632A319006A3EC1 /* FilmFactoryLoginViewController.h */ = {isa = PBXFileReference; lastKnownFileType = sourcecode.c.h; path = FilmFactoryLoginViewController.h; sourceTree = "<group>"; };
		8A91B84C2632A319006A3EC1 /* FilmFactoryLoginViewController.m */ = {isa = PBXFileReference; lastKnownFileType = sourcecode.c.objc; path = FilmFactoryLoginViewController.m; sourceTree = "<group>"; };
		8A91B85A2632A331006A3EC1 /* FilmFactoryFindPasseordViewController.h */ = {isa = PBXFileReference; lastKnownFileType = sourcecode.c.h; path = FilmFactoryFindPasseordViewController.h; sourceTree = "<group>"; };
		8A91B85B2632A331006A3EC1 /* FilmFactoryFindPasseordViewController.m */ = {isa = PBXFileReference; lastKnownFileType = sourcecode.c.objc; path = FilmFactoryFindPasseordViewController.m; sourceTree = "<group>"; };
		8A91B8642632A6DB006A3EC1 /* FilmFactoryChangeInfoViewController.h */ = {isa = PBXFileReference; lastKnownFileType = sourcecode.c.h; path = FilmFactoryChangeInfoViewController.h; sourceTree = "<group>"; };
		8A91B8652632A6DB006A3EC1 /* FilmFactoryChangeInfoViewController.m */ = {isa = PBXFileReference; lastKnownFileType = sourcecode.c.objc; path = FilmFactoryChangeInfoViewController.m; sourceTree = "<group>"; };
		8A91B86D2632A9DD006A3EC1 /* FilmFacorrLoactoinDetailViewController.h */ = {isa = PBXFileReference; lastKnownFileType = sourcecode.c.h; path = FilmFacorrLoactoinDetailViewController.h; sourceTree = "<group>"; };
		8A91B86E2632A9DD006A3EC1 /* FilmFacorrLoactoinDetailViewController.m */ = {isa = PBXFileReference; lastKnownFileType = sourcecode.c.objc; path = FilmFacorrLoactoinDetailViewController.m; sourceTree = "<group>"; };
		8A91B8732632AAFA006A3EC1 /* FilmFactorLoacitonTypeTableViewCell.h */ = {isa = PBXFileReference; lastKnownFileType = sourcecode.c.h; path = FilmFactorLoacitonTypeTableViewCell.h; sourceTree = "<group>"; };
		8A91B8742632AAFA006A3EC1 /* FilmFactorLoacitonTypeTableViewCell.m */ = {isa = PBXFileReference; lastKnownFileType = sourcecode.c.objc; path = FilmFactorLoacitonTypeTableViewCell.m; sourceTree = "<group>"; };
		8AAF728626379A600002D80C /* FilmFacotryShangyinDetailHeader.h */ = {isa = PBXFileReference; lastKnownFileType = sourcecode.c.h; path = FilmFacotryShangyinDetailHeader.h; sourceTree = "<group>"; };
		8AAF728726379A600002D80C /* FilmFacotryShangyinDetailHeader.m */ = {isa = PBXFileReference; lastKnownFileType = sourcecode.c.objc; path = FilmFacotryShangyinDetailHeader.m; sourceTree = "<group>"; };
		8AAF728C2637A3550002D80C /* FilmFacoreyCoinView.h */ = {isa = PBXFileReference; lastKnownFileType = sourcecode.c.h; path = FilmFacoreyCoinView.h; sourceTree = "<group>"; };
		8AAF728D2637A3550002D80C /* FilmFacoreyCoinView.m */ = {isa = PBXFileReference; lastKnownFileType = sourcecode.c.objc; path = FilmFacoreyCoinView.m; sourceTree = "<group>"; };
		8AAF72922637AA3B0002D80C /* FilmFacotryArticlCollectionViewCell.h */ = {isa = PBXFileReference; lastKnownFileType = sourcecode.c.h; path = FilmFacotryArticlCollectionViewCell.h; sourceTree = "<group>"; };
		8AAF72932637AA3B0002D80C /* FilmFacotryArticlCollectionViewCell.m */ = {isa = PBXFileReference; lastKnownFileType = sourcecode.c.objc; path = FilmFacotryArticlCollectionViewCell.m; sourceTree = "<group>"; };
		8AAF72982637BD390002D80C /* FilmFacotryHomeModel.h */ = {isa = PBXFileReference; lastKnownFileType = sourcecode.c.h; path = FilmFacotryHomeModel.h; sourceTree = "<group>"; };
		8AAF72992637BD390002D80C /* FilmFacotryHomeModel.m */ = {isa = PBXFileReference; lastKnownFileType = sourcecode.c.objc; path = FilmFacotryHomeModel.m; sourceTree = "<group>"; };
		8AAF729E2637F21C0002D80C /* FilmFactoryShangyinModel.h */ = {isa = PBXFileReference; lastKnownFileType = sourcecode.c.h; path = FilmFactoryShangyinModel.h; sourceTree = "<group>"; };
		8AAF729F2637F21C0002D80C /* FilmFactoryShangyinModel.m */ = {isa = PBXFileReference; lastKnownFileType = sourcecode.c.objc; path = FilmFactoryShangyinModel.m; sourceTree = "<group>"; };
		D3870E69F16227DF6709ADAF /* Pods_FilmFactory.framework */ = {isa = PBXFileReference; explicitFileType = wrapper.framework; includeInIndex = 0; path = Pods_FilmFactory.framework; sourceTree = BUILT_PRODUCTS_DIR; };
		F6465A50B198E61C2023CE37 /* Pods-FilmFactory.debug.xcconfig */ = {isa = PBXFileReference; includeInIndex = 1; lastKnownFileType = text.xcconfig; name = "Pods-FilmFactory.debug.xcconfig"; path = "Target Support Files/Pods-FilmFactory/Pods-FilmFactory.debug.xcconfig"; sourceTree = "<group>"; };
/* End PBXFileReference section */

/* Begin PBXFrameworksBuildPhase section */
		8A3EF7E8262EAF73001618BD /* Frameworks */ = {
			isa = PBXFrameworksBuildPhase;
			buildActionMask = 2147483647;
			files = (
				DFA9BFE950DB437D2EE1B717 /* Pods_FilmFactory.framework in Frameworks */,
			);
			runOnlyForDeploymentPostprocessing = 0;
		};
		8A3EF803262EAF75001618BD /* Frameworks */ = {
			isa = PBXFrameworksBuildPhase;
			buildActionMask = 2147483647;
			files = (
			);
			runOnlyForDeploymentPostprocessing = 0;
		};
		8A3EF80E262EAF75001618BD /* Frameworks */ = {
			isa = PBXFrameworksBuildPhase;
			buildActionMask = 2147483647;
			files = (
			);
			runOnlyForDeploymentPostprocessing = 0;
		};
/* End PBXFrameworksBuildPhase section */

/* Begin PBXGroup section */
		4ADAF0912638445700709F84 /* 我的发布 */ = {
			isa = PBXGroup;
			children = (
				4ADAF0922638446A00709F84 /* FilmFactoryMySendViewController.h */,
				4ADAF0932638446A00709F84 /* FilmFactoryMySendViewController.m */,
			);
			path = "我的发布";
			sourceTree = "<group>";
		};
		4ADAF09B2638446F00709F84 /* 我的预约 */ = {
			isa = PBXGroup;
			children = (
				4ADAF09C2638448000709F84 /* FilmMyYuyueViewController.h */,
				4ADAF09D2638448000709F84 /* FilmMyYuyueViewController.m */,
			);
			path = "我的预约";
			sourceTree = "<group>";
		};
		4ADAF0A52638448400709F84 /* 我的收藏 */ = {
			isa = PBXGroup;
			children = (
				4ADAF0A62638449100709F84 /* FilmMyColltecdViewController.h */,
				4ADAF0A72638449100709F84 /* FilmMyColltecdViewController.m */,
			);
			path = "我的收藏";
			sourceTree = "<group>";
		};
		4AE8DC0C26355E0200D9A0FB /* 详情 */ = {
			isa = PBXGroup;
			children = (
				4AE8DC3B263568D000D9A0FB /* FilmFarZoneDetiaCell.h */,
				4AE8DC3A263568CF00D9A0FB /* FilmFarZoneDetiaCell.m */,
				4AE8DC0D26355E1A00D9A0FB /* FilmFactoryZoneDetailViewController.h */,
				4AE8DC0E26355E1A00D9A0FB /* FilmFactoryZoneDetailViewController.m */,
				4AE8DC1626355E6C00D9A0FB /* FilmFacorryZoneDetailheader.h */,
				4AE8DC1726355E6C00D9A0FB /* FilmFacorryZoneDetailheader.m */,
			);
			path = "详情";
			sourceTree = "<group>";
		};
		4AEE2C1B2635AB1700B2BC43 /* 举报 */ = {
			isa = PBXGroup;
			children = (
				4AEE2C202635AB4000B2BC43 /* FilmZoneJubaoModel.h */,
				4AEE2C1E2635AB3F00B2BC43 /* FilmZoneJubaoModel.m */,
				4AEE2C1C2635AB3E00B2BC43 /* FilmZoneJubaoTableviewCell.h */,
				4AEE2C1F2635AB4000B2BC43 /* FilmZoneJubaoTableviewCell.m */,
				4AEE2C1D2635AB3F00B2BC43 /* FilmZoneJbaoController.h */,
				4AEE2C212635AB4100B2BC43 /* FilmZoneJbaoController.m */,
			);
			path = "举报";
			sourceTree = "<group>";
		};
		4AEFAE44263701A1001954F1 /* 影视上映 */ = {
			isa = PBXGroup;
			children = (
				4AEFAE45263701B3001954F1 /* FilmFacotryShangyinViewController.h */,
				4AEFAE46263701B3001954F1 /* FilmFacotryShangyinViewController.m */,
				4AEFAE4B26370342001954F1 /* FilmFacotryShangyinTableViewCell.h */,
				4AEFAE4C26370342001954F1 /* FilmFacotryShangyinTableViewCell.m */,
				4A191F27263708D7005550C8 /* FilmFacotryShangyingDetailViewController.h */,
				4A191F28263708D7005550C8 /* FilmFacotryShangyingDetailViewController.m */,
				8AAF728626379A600002D80C /* FilmFacotryShangyinDetailHeader.h */,
				8AAF728726379A600002D80C /* FilmFacotryShangyinDetailHeader.m */,
				8AAF72922637AA3B0002D80C /* FilmFacotryArticlCollectionViewCell.h */,
				8AAF72932637AA3B0002D80C /* FilmFacotryArticlCollectionViewCell.m */,
				8AAF728C2637A3550002D80C /* FilmFacoreyCoinView.h */,
				8AAF728D2637A3550002D80C /* FilmFacoreyCoinView.m */,
				8AAF729E2637F21C0002D80C /* FilmFactoryShangyinModel.h */,
				8AAF729F2637F21C0002D80C /* FilmFactoryShangyinModel.m */,
			);
			path = "影视上映";
			sourceTree = "<group>";
		};
		59E2734F7D14409E1BF6F232 /* Frameworks */ = {
			isa = PBXGroup;
			children = (
				D3870E69F16227DF6709ADAF /* Pods_FilmFactory.framework */,
			);
			name = Frameworks;
			sourceTree = "<group>";
		};
		8A3EF7E2262EAF73001618BD = {
			isa = PBXGroup;
			children = (
				8A3EF7ED262EAF73001618BD /* FilmFactory */,
				8A3EF809262EAF75001618BD /* FilmFactoryTests */,
				8A3EF814262EAF75001618BD /* FilmFactoryUITests */,
				8A3EF7EC262EAF73001618BD /* Products */,
				EC3D3F412E57D6E18A262728 /* Pods */,
				59E2734F7D14409E1BF6F232 /* Frameworks */,
			);
			sourceTree = "<group>";
		};
		8A3EF7EC262EAF73001618BD /* Products */ = {
			isa = PBXGroup;
			children = (
				8A3EF7EB262EAF73001618BD /* FilmFactory.app */,
				8A3EF806262EAF75001618BD /* FilmFactoryTests.xctest */,
				8A3EF811262EAF75001618BD /* FilmFactoryUITests.xctest */,
			);
			name = Products;
			sourceTree = "<group>";
		};
		8A3EF7ED262EAF73001618BD /* FilmFactory */ = {
			isa = PBXGroup;
			children = (
				8A72B6A0262FF1D200582123 /* 定位 */,
				8A3EF854262EB2F8001618BD /* 工具 */,
				8A3EF853262EB2DB001618BD /* 我的 */,
				8A3EF852262EB2D8001618BD /* 消息 */,
				8A3EF851262EB2CF001618BD /* 动态 */,
				8A3EF850262EB2CA001618BD /* 首页 */,
				8A3EF7EE262EAF73001618BD /* AppDelegate.h */,
				8A3EF7EF262EAF73001618BD /* AppDelegate.m */,
				4AE8DBE42635210100D9A0FB /* AppDelegate+FilmMySafeApp.h */,
				4AE8DBE52635210100D9A0FB /* AppDelegate+FilmMySafeApp.m */,
				8A3EF7F4262EAF73001618BD /* ViewController.h */,
				8A3EF7F5262EAF73001618BD /* ViewController.m */,
				8A3EF86D262EB3B7001618BD /* FilmFactoryBaeTabbarViewController.h */,
				8A3EF86E262EB3B7001618BD /* FilmFactoryBaeTabbarViewController.m */,
				8A3EF873262EB401001618BD /* FilmFactoryBaseViewController.h */,
				8A3EF874262EB401001618BD /* FilmFactoryBaseViewController.m */,
				4ADAF0AF2638486500709F84 /* FilmFactoryToolModel.h */,
				4ADAF0B02638486500709F84 /* FilmFactoryToolModel.m */,
				8A3EF7F7262EAF73001618BD /* Main.storyboard */,
				8A3EF7FA262EAF75001618BD /* Assets.xcassets */,
				8A3EF7FC262EAF75001618BD /* LaunchScreen.storyboard */,
				8A3EF7FF262EAF75001618BD /* Info.plist */,
				8A3EF800262EAF75001618BD /* main.m */,
				8A3EF83C262EAFEB001618BD /* Header.h */,
				8A3EF840262EAFF5001618BD /* PrefixHeader.pch */,
			);
			path = FilmFactory;
			sourceTree = "<group>";
		};
		8A3EF809262EAF75001618BD /* FilmFactoryTests */ = {
			isa = PBXGroup;
			children = (
				8A3EF80A262EAF75001618BD /* FilmFactoryTests.m */,
				8A3EF80C262EAF75001618BD /* Info.plist */,
			);
			path = FilmFactoryTests;
			sourceTree = "<group>";
		};
		8A3EF814262EAF75001618BD /* FilmFactoryUITests */ = {
			isa = PBXGroup;
			children = (
				8A3EF815262EAF75001618BD /* FilmFactoryUITests.m */,
				8A3EF817262EAF75001618BD /* Info.plist */,
			);
			path = FilmFactoryUITests;
			sourceTree = "<group>";
		};
		8A3EF850262EB2CA001618BD /* 首页 */ = {
			isa = PBXGroup;
			children = (
				4AEFAE44263701A1001954F1 /* 影视上映 */,
				8A54C4E426366CB0008E3A6B /* 影视资讯 */,
				8A91B79C26326577006A3EC1 /* 首页详情 */,
				8A3EF879262EB43D001618BD /* FilmFactoryHomeViewController.h */,
				8A3EF87A262EB43D001618BD /* FilmFactoryHomeViewController.m */,
				8A72B650262FB44400582123 /* FilmFacroyHomeTableViewCell.h */,
				8A72B651262FB44400582123 /* FilmFacroyHomeTableViewCell.m */,
				8A72B656262FB4C000582123 /* FilmFactoryHomeHeaderView.h */,
				8A72B657262FB4C000582123 /* FilmFactoryHomeHeaderView.m */,
				8A72B682262FBF4700582123 /* FilmFactoryMovieView.h */,
				8A72B683262FBF4700582123 /* FilmFactoryMovieView.m */,
				8A72B688262FC38800582123 /* FilmFactoryHomeBtn.h */,
				8A72B689262FC38800582123 /* FilmFactoryHomeBtn.m */,
				8AAF72982637BD390002D80C /* FilmFacotryHomeModel.h */,
				8AAF72992637BD390002D80C /* FilmFacotryHomeModel.m */,
			);
			path = "首页";
			sourceTree = "<group>";
		};
		8A3EF851262EB2CF001618BD /* 动态 */ = {
			isa = PBXGroup;
			children = (
				8A54C4FD263680CD008E3A6B /* 发布 */,
				4AEE2C1B2635AB1700B2BC43 /* 举报 */,
				4AE8DC0C26355E0200D9A0FB /* 详情 */,
				8A3EF87F262EB5A9001618BD /* FilmFactoryZoneViewController.h */,
				8A3EF880262EB5A9001618BD /* FilmFactoryZoneViewController.m */,
				8A3EF894262EC1D4001618BD /* FilmFactoryZoneTableViewCell.h */,
				8A3EF895262EC1D4001618BD /* FilmFactoryZoneTableViewCell.m */,
				8A3EF89A262EC469001618BD /* FilmFactorySectionHeader.h */,
				8A3EF89B262EC469001618BD /* FilmFactorySectionHeader.m */,
				4AE8DC0026354B0F00D9A0FB /* FilmFactoryZoneModel.h */,
				4AE8DC0126354B0F00D9A0FB /* FilmFactoryZoneModel.m */,
				4AE8DC06263550FB00D9A0FB /* FilmFactoryComentModel.h */,
				4AE8DC07263550FB00D9A0FB /* FilmFactoryComentModel.m */,
			);
			path = "动态";
			sourceTree = "<group>";
		};
		8A3EF852262EB2D8001618BD /* 消息 */ = {
			isa = PBXGroup;
			children = (
				8A54C4CE263668F4008E3A6B /* 聊天 */,
				8A54C4AC26364A77008E3A6B /* 评论通知 */,
				8A54C4AB26364A6B008E3A6B /* 点赞通知 */,
				8A54C4A926364A5E008E3A6B /* 系统消息 */,
				8A3EF885262EB5BA001618BD /* FilmFactoryMsgViewController.h */,
				8A3EF886262EB5BA001618BD /* FilmFactoryMsgViewController.m */,
				4A48FEC7262F19CC00D219D5 /* FilmFacotryMsgTableViewCell.h */,
				4A48FEC8262F19CC00D219D5 /* FilmFacotryMsgTableViewCell.m */,
				4A48FEB5262F0E6000D219D5 /* FilmFactoryMsgHeaderView.h */,
				4A48FEB6262F0E6000D219D5 /* FilmFactoryMsgHeaderView.m */,
				4A48FEBB262F159300D219D5 /* FilmFactoryBtn.h */,
				4A48FEBC262F159300D219D5 /* FilmFactoryBtn.m */,
			);
			path = "消息";
			sourceTree = "<group>";
		};
		8A3EF853262EB2DB001618BD /* 我的 */ = {
			isa = PBXGroup;
			children = (
				4ADAF0A52638448400709F84 /* 我的收藏 */,
				4ADAF09B2638446F00709F84 /* 我的预约 */,
				4ADAF0912638445700709F84 /* 我的发布 */,
				8A91B8632632A6BD006A3EC1 /* 修改信息 */,
				8A91B84A2632A300006A3EC1 /* 登陆注册 */,
				8A91B8322632A023006A3EC1 /* 关于我们 */,
				8A91B80726329BCC006A3EC1 /* 意见反馈 */,
				8A3EF88B262EB5C5001618BD /* FilmFactoryMineViewController.h */,
				8A3EF88C262EB5C5001618BD /* FilmFactoryMineViewController.m */,
				8A91B7A9263268D6006A3EC1 /* FilmacroryMineTableViewCell.h */,
				8A91B7AA263268D6006A3EC1 /* FilmacroryMineTableViewCell.m */,
				8A91B7AF26326914006A3EC1 /* FilmFacroryMineHeaderView.h */,
				8A91B7B026326915006A3EC1 /* FilmFacroryMineHeaderView.m */,
				8A91B8442632A119006A3EC1 /* FilmFacroyCenterBtn.h */,
				8A91B8452632A119006A3EC1 /* FilmFacroyCenterBtn.m */,
			);
			path = "我的";
			sourceTree = "<group>";
		};
		8A3EF854262EB2F8001618BD /* 工具 */ = {
			isa = PBXGroup;
			children = (
				4A191F2126370657005550C8 /* WWStarView.h */,
				4A191F2226370658005550C8 /* WWStarView.m */,
				4AE8DC342635686500D9A0FB /* LMJHorizontalScrollText.h */,
				4AE8DC352635686600D9A0FB /* LMJHorizontalScrollText.m */,
				4A48FEC2262F16E900D219D5 /* UIView+shadowPath.h */,
				4A48FEC1262F16E900D219D5 /* UIView+shadowPath.m */,
				8A3EF85E262EB321001618BD /* NSString+CHRegex.h */,
				8A3EF85C262EB321001618BD /* NSString+CHRegex.m */,
				8A3EF85B262EB321001618BD /* UIButton+CHRegex.h */,
				8A3EF861262EB321001618BD /* UIButton+CHRegex.m */,
				8A3EF855262EB320001618BD /* UIColor+CHRegex.h */,
				8A3EF858262EB321001618BD /* UIColor+CHRegex.m */,
				8A3EF856262EB320001618BD /* UILabel+CDGPSpaceLb.h */,
				8A3EF859262EB321001618BD /* UILabel+CDGPSpaceLb.m */,
				8A3EF85F262EB321001618BD /* UITextField+AddPlaceholder.h */,
				8A3EF862262EB321001618BD /* UITextField+AddPlaceholder.m */,
				8A3EF85D262EB321001618BD /* UIView+frame.h */,
				8A3EF857262EB321001618BD /* UIView+frame.m */,
				8A3EF860262EB321001618BD /* UIViewController+IOS13.h */,
				8A3EF85A262EB321001618BD /* UIViewController+IOS13.m */,
			);
			path = "工具";
			sourceTree = "<group>";
		};
		8A54C4A926364A5E008E3A6B /* 系统消息 */ = {
			isa = PBXGroup;
			children = (
				8A54C4AD26364A95008E3A6B /* FilmFactroysysTemViewController.h */,
				8A54C4AE26364A95008E3A6B /* FilmFactroysysTemViewController.m */,
				8A54C4C226364C5E008E3A6B /* FilmFactroysystemTableViewCell.h */,
				8A54C4C326364C5E008E3A6B /* FilmFactroysystemTableViewCell.m */,
				8A54C4C8263666E4008E3A6B /* FilmFacotrysystemDetailViewController.h */,
				8A54C4C9263666E4008E3A6B /* FilmFacotrysystemDetailViewController.m */,
			);
			path = "系统消息";
			sourceTree = "<group>";
		};
		8A54C4AB26364A6B008E3A6B /* 点赞通知 */ = {
			isa = PBXGroup;
			children = (
				8A54C4B626364AA1008E3A6B /* FilmFactoryZanViewController.h */,
				8A54C4B726364AA1008E3A6B /* FilmFactoryZanViewController.m */,
			);
			path = "点赞通知";
			sourceTree = "<group>";
		};
		8A54C4AC26364A77008E3A6B /* 评论通知 */ = {
			isa = PBXGroup;
			children = (
				8A54C4BC26364AB0008E3A6B /* FilmFactoryComenmtNotiViewController.h */,
				8A54C4BD26364AB0008E3A6B /* FilmFactoryComenmtNotiViewController.m */,
			);
			path = "评论通知";
			sourceTree = "<group>";
		};
		8A54C4CE263668F4008E3A6B /* 聊天 */ = {
			isa = PBXGroup;
			children = (
				8A54C4D126366912008E3A6B /* FilmChatDetailMoel.h */,
				8A54C4D026366911008E3A6B /* FilmChatDetailMoel.m */,
				8A54C4D226366912008E3A6B /* FilmChatDetailTableCell.h */,
				8A54C4D426366912008E3A6B /* FilmChatDetailTableCell.m */,
				8A54C4D326366912008E3A6B /* FilmChatZoneChatDetailToolsView.h */,
				8A54C4D526366912008E3A6B /* FilmChatZoneChatDetailToolsView.m */,
				8A54C4CF26366911008E3A6B /* FilmChatChatDetailViewController.h */,
				8A54C4D626366912008E3A6B /* FilmChatChatDetailViewController.m */,
				8A54C4DF26366946008E3A6B /* FilmChatMsgListModel.h */,
				8A54C4DE26366946008E3A6B /* FilmChatMsgListModel.m */,
			);
			path = "聊天";
			sourceTree = "<group>";
		};
		8A54C4E426366CB0008E3A6B /* 影视资讯 */ = {
			isa = PBXGroup;
			children = (
				8A72B6B02630024B00582123 /* 更多 */,
				4AEFAE392636F7D8001954F1 /* city.json */,
				8A54C4E526366CC0008E3A6B /* FilmFactoryNewsViewController.h */,
				8A54C4E626366CC0008E3A6B /* FilmFactoryNewsViewController.m */,
				4AEFAE2D2636F697001954F1 /* ShuyunHomeNewsModel.h */,
				4AEFAE2E2636F697001954F1 /* ShuyunHomeNewsModel.m */,
				4AEFAE342636F6C0001954F1 /* ShuyunHomeNewsTableViewCell.h */,
				4AEFAE332636F6C0001954F1 /* ShuyunHomeNewsTableViewCell.m */,
				4AEFAE3E2636FA81001954F1 /* FilmFactorynewsDetialViewController.h */,
				4AEFAE3F2636FA81001954F1 /* FilmFactorynewsDetialViewController.m */,
			);
			path = "影视资讯";
			sourceTree = "<group>";
		};
		8A54C4FD263680CD008E3A6B /* 发布 */ = {
			isa = PBXGroup;
			children = (
				8A54C501263680E0008E3A6B /* FilmFactorySendZoneCollectionCell.h */,
				8A54C500263680E0008E3A6B /* FilmFactorySendZoneCollectionCell.m */,
				8A54C4FF263680E0008E3A6B /* FilmFActorySendZoneConroller.h */,
				8A54C4FE263680E0008E3A6B /* FilmFActorySendZoneConroller.m */,
			);
			path = "发布";
			sourceTree = "<group>";
		};
		8A72B6A0262FF1D200582123 /* 定位 */ = {
			isa = PBXGroup;
			children = (
				8A72B6A1262FF1EC00582123 /* FilmFactoryLoactionViewController.h */,
				8A72B6A2262FF1EC00582123 /* FilmFactoryLoactionViewController.m */,
				8A72B6AA262FF41500582123 /* FilmFactoryLoactionTableViewCell.h */,
				8A72B6AB262FF41500582123 /* FilmFactoryLoactionTableViewCell.m */,
				8A91B8732632AAFA006A3EC1 /* FilmFactorLoacitonTypeTableViewCell.h */,
				8A91B8742632AAFA006A3EC1 /* FilmFactorLoacitonTypeTableViewCell.m */,
				8A91B86D2632A9DD006A3EC1 /* FilmFacorrLoactoinDetailViewController.h */,
				8A91B86E2632A9DD006A3EC1 /* FilmFacorrLoactoinDetailViewController.m */,
				4AE8DBBA263506D900D9A0FB /* FilmFacotryLocationDetailHeader.h */,
				4AE8DBBB263506D900D9A0FB /* FilmFacotryLocationDetailHeader.m */,
				4AE8DBC626350CCE00D9A0FB /* FilmFacortLoactionDetailFooter.h */,
				4AE8DBC726350CCE00D9A0FB /* FilmFacortLoactionDetailFooter.m */,
				4AE8DBC026350B2900D9A0FB /* FilmFacroryLoacitonDetailTableViewCell.h */,
				4AE8DBC126350B2900D9A0FB /* FilmFacroryLoacitonDetailTableViewCell.m */,
				4AE8DBCC26350D5000D9A0FB /* ShuyunBallSetingBtn.h */,
				4AE8DBCD26350D5000D9A0FB /* ShuyunBallSetingBtn.m */,
				4AE8DBD326350DAA00D9A0FB /* ShuyunTeseBtn.h */,
				4AE8DBD226350DAA00D9A0FB /* ShuyunTeseBtn.m */,
				4AE8DBD82635113000D9A0FB /* FilmLoactionJoinViewController.h */,
				4AE8DBD92635113000D9A0FB /* FilmLoactionJoinViewController.m */,
				4AE8DBDE26351B3A00D9A0FB /* FilmFactortLoactionModel.h */,
				4AE8DBDF26351B3A00D9A0FB /* FilmFactortLoactionModel.m */,
			);
			path = "定位";
			sourceTree = "<group>";
		};
		8A72B6B02630024B00582123 /* 更多 */ = {
			isa = PBXGroup;
			children = (
				8A72B6B12630026400582123 /* FilmFactorHomeMoreViewController.h */,
				8A72B6B22630026400582123 /* FilmFactorHomeMoreViewController.m */,
			);
			path = "更多";
			sourceTree = "<group>";
		};
		8A91B79C26326577006A3EC1 /* 首页详情 */ = {
			isa = PBXGroup;
			children = (
				8A91B79D2632658C006A3EC1 /* FilmFacroryHomeDetailViewController.h */,
				8A91B79E2632658C006A3EC1 /* FilmFacroryHomeDetailViewController.m */,
				8A91B7A326326620006A3EC1 /* FilmFacoryHomeDetailHeader.h */,
				8A91B7A426326620006A3EC1 /* FilmFacoryHomeDetailHeader.m */,
			);
			path = "首页详情";
			sourceTree = "<group>";
		};
		8A91B80726329BCC006A3EC1 /* 意见反馈 */ = {
			isa = PBXGroup;
			children = (
				8A91B80826329BF5006A3EC1 /* FilmFactorySugestionViewController.h */,
				8A91B80926329BF5006A3EC1 /* FilmFactorySugestionViewController.m */,
				8A91B81126329C90006A3EC1 /* FilmFactoryModel.h */,
				8A91B80E26329C8F006A3EC1 /* FilmFactoryModel.m */,
				8A91B80F26329C8F006A3EC1 /* FilmFacotroySugestionTableCell.h */,
				8A91B81026329C8F006A3EC1 /* FilmFacotroySugestionTableCell.m */,
			);
			path = "意见反馈";
			sourceTree = "<group>";
		};
		8A91B8322632A023006A3EC1 /* 关于我们 */ = {
			isa = PBXGroup;
			children = (
				8A91B83C2632A085006A3EC1 /* FilmFactory.html */,
				8A91B8332632A033006A3EC1 /* FilmFactoryAboutusViewController.h */,
				8A91B8342632A033006A3EC1 /* FilmFactoryAboutusViewController.m */,
			);
			path = "关于我们";
			sourceTree = "<group>";
		};
		8A91B84A2632A300006A3EC1 /* 登陆注册 */ = {
			isa = PBXGroup;
			children = (
				8A91B84B2632A319006A3EC1 /* FilmFactoryLoginViewController.h */,
				8A91B84C2632A319006A3EC1 /* FilmFactoryLoginViewController.m */,
				8A91B85A2632A331006A3EC1 /* FilmFactoryFindPasseordViewController.h */,
				8A91B85B2632A331006A3EC1 /* FilmFactoryFindPasseordViewController.m */,
			);
			path = "登陆注册";
			sourceTree = "<group>";
		};
		8A91B8632632A6BD006A3EC1 /* 修改信息 */ = {
			isa = PBXGroup;
			children = (
				8A91B8642632A6DB006A3EC1 /* FilmFactoryChangeInfoViewController.h */,
				8A91B8652632A6DB006A3EC1 /* FilmFactoryChangeInfoViewController.m */,
			);
			path = "修改信息";
			sourceTree = "<group>";
		};
		EC3D3F412E57D6E18A262728 /* Pods */ = {
			isa = PBXGroup;
			children = (
				F6465A50B198E61C2023CE37 /* Pods-FilmFactory.debug.xcconfig */,
				18116D595DADAB36A75DFE60 /* Pods-FilmFactory.release.xcconfig */,
			);
			path = Pods;
			sourceTree = "<group>";
		};
/* End PBXGroup section */

/* Begin PBXNativeTarget section */
		8A3EF7EA262EAF73001618BD /* FilmFactory */ = {
			isa = PBXNativeTarget;
			buildConfigurationList = 8A3EF81A262EAF75001618BD /* Build configuration list for PBXNativeTarget "FilmFactory" */;
			buildPhases = (
				B28AC0CB21739DE485C61A96 /* [CP] Check Pods Manifest.lock */,
				8A3EF7E7262EAF73001618BD /* Sources */,
				8A3EF7E8262EAF73001618BD /* Frameworks */,
				8A3EF7E9262EAF73001618BD /* Resources */,
				D66E9B7B9676C8D9862F2094 /* [CP] Embed Pods Frameworks */,
			);
			buildRules = (
			);
			dependencies = (
			);
			name = FilmFactory;
			productName = FilmFactory;
			productReference = 8A3EF7EB262EAF73001618BD /* FilmFactory.app */;
			productType = "com.apple.product-type.application";
		};
		8A3EF805262EAF75001618BD /* FilmFactoryTests */ = {
			isa = PBXNativeTarget;
			buildConfigurationList = 8A3EF81D262EAF75001618BD /* Build configuration list for PBXNativeTarget "FilmFactoryTests" */;
			buildPhases = (
				8A3EF802262EAF75001618BD /* Sources */,
				8A3EF803262EAF75001618BD /* Frameworks */,
				8A3EF804262EAF75001618BD /* Resources */,
			);
			buildRules = (
			);
			dependencies = (
				8A3EF808262EAF75001618BD /* PBXTargetDependency */,
			);
			name = FilmFactoryTests;
			productName = FilmFactoryTests;
			productReference = 8A3EF806262EAF75001618BD /* FilmFactoryTests.xctest */;
			productType = "com.apple.product-type.bundle.unit-test";
		};
		8A3EF810262EAF75001618BD /* FilmFactoryUITests */ = {
			isa = PBXNativeTarget;
			buildConfigurationList = 8A3EF820262EAF75001618BD /* Build configuration list for PBXNativeTarget "FilmFactoryUITests" */;
			buildPhases = (
				8A3EF80D262EAF75001618BD /* Sources */,
				8A3EF80E262EAF75001618BD /* Frameworks */,
				8A3EF80F262EAF75001618BD /* Resources */,
			);
			buildRules = (
			);
			dependencies = (
				8A3EF813262EAF75001618BD /* PBXTargetDependency */,
			);
			name = FilmFactoryUITests;
			productName = FilmFactoryUITests;
			productReference = 8A3EF811262EAF75001618BD /* FilmFactoryUITests.xctest */;
			productType = "com.apple.product-type.bundle.ui-testing";
		};
/* End PBXNativeTarget section */

/* Begin PBXProject section */
		8A3EF7E3262EAF73001618BD /* Project object */ = {
			isa = PBXProject;
			attributes = {
				LastUpgradeCheck = 1240;
				TargetAttributes = {
					8A3EF7EA262EAF73001618BD = {
						CreatedOnToolsVersion = 12.4;
					};
					8A3EF805262EAF75001618BD = {
						CreatedOnToolsVersion = 12.4;
						TestTargetID = 8A3EF7EA262EAF73001618BD;
					};
					8A3EF810262EAF75001618BD = {
						CreatedOnToolsVersion = 12.4;
						TestTargetID = 8A3EF7EA262EAF73001618BD;
					};
				};
			};
			buildConfigurationList = 8A3EF7E6262EAF73001618BD /* Build configuration list for PBXProject "FilmFactory" */;
			compatibilityVersion = "Xcode 9.3";
			developmentRegion = en;
			hasScannedForEncodings = 0;
			knownRegions = (
				en,
				Base,
			);
			mainGroup = 8A3EF7E2262EAF73001618BD;
			productRefGroup = 8A3EF7EC262EAF73001618BD /* Products */;
			projectDirPath = "";
			projectRoot = "";
			targets = (
				8A3EF7EA262EAF73001618BD /* FilmFactory */,
				8A3EF805262EAF75001618BD /* FilmFactoryTests */,
				8A3EF810262EAF75001618BD /* FilmFactoryUITests */,
			);
		};
/* End PBXProject section */

/* Begin PBXResourcesBuildPhase section */
		8A3EF7E9262EAF73001618BD /* Resources */ = {
			isa = PBXResourcesBuildPhase;
			buildActionMask = 2147483647;
			files = (
				8A3EF7FE262EAF75001618BD /* LaunchScreen.storyboard in Resources */,
				4AEFAE3A2636F7D8001954F1 /* city.json in Resources */,
				8A3EF7FB262EAF75001618BD /* Assets.xcassets in Resources */,
				8A3EF7F9262EAF73001618BD /* Main.storyboard in Resources */,
				8A91B83D2632A085006A3EC1 /* FilmFactory.html in Resources */,
			);
			runOnlyForDeploymentPostprocessing = 0;
		};
		8A3EF804262EAF75001618BD /* Resources */ = {
			isa = PBXResourcesBuildPhase;
			buildActionMask = 2147483647;
			files = (
			);
			runOnlyForDeploymentPostprocessing = 0;
		};
		8A3EF80F262EAF75001618BD /* Resources */ = {
			isa = PBXResourcesBuildPhase;
			buildActionMask = 2147483647;
			files = (
			);
			runOnlyForDeploymentPostprocessing = 0;
		};
/* End PBXResourcesBuildPhase section */

/* Begin PBXShellScriptBuildPhase section */
		B28AC0CB21739DE485C61A96 /* [CP] Check Pods Manifest.lock */ = {
			isa = PBXShellScriptBuildPhase;
			buildActionMask = 2147483647;
			files = (
			);
			inputFileListPaths = (
			);
			inputPaths = (
				"${PODS_PODFILE_DIR_PATH}/Podfile.lock",
				"${PODS_ROOT}/Manifest.lock",
			);
			name = "[CP] Check Pods Manifest.lock";
			outputFileListPaths = (
			);
			outputPaths = (
				"$(DERIVED_FILE_DIR)/Pods-FilmFactory-checkManifestLockResult.txt",
			);
			runOnlyForDeploymentPostprocessing = 0;
			shellPath = /bin/sh;
			shellScript = "diff \"${PODS_PODFILE_DIR_PATH}/Podfile.lock\" \"${PODS_ROOT}/Manifest.lock\" > /dev/null\nif [ $? != 0 ] ; then\n    # print error to STDERR\n    echo \"error: The sandbox is not in sync with the Podfile.lock. Run 'pod install' or update your CocoaPods installation.\" >&2\n    exit 1\nfi\n# This output is used by Xcode 'outputs' to avoid re-running this script phase.\necho \"SUCCESS\" > \"${SCRIPT_OUTPUT_FILE_0}\"\n";
			showEnvVarsInLog = 0;
		};
		D66E9B7B9676C8D9862F2094 /* [CP] Embed Pods Frameworks */ = {
			isa = PBXShellScriptBuildPhase;
			buildActionMask = 2147483647;
			files = (
			);
			inputFileListPaths = (
				"${PODS_ROOT}/Target Support Files/Pods-FilmFactory/Pods-FilmFactory-frameworks-${CONFIGURATION}-input-files.xcfilelist",
			);
			name = "[CP] Embed Pods Frameworks";
			outputFileListPaths = (
				"${PODS_ROOT}/Target Support Files/Pods-FilmFactory/Pods-FilmFactory-frameworks-${CONFIGURATION}-output-files.xcfilelist",
			);
			runOnlyForDeploymentPostprocessing = 0;
			shellPath = /bin/sh;
			shellScript = "\"${PODS_ROOT}/Target Support Files/Pods-FilmFactory/Pods-FilmFactory-frameworks.sh\"\n";
			showEnvVarsInLog = 0;
		};
/* End PBXShellScriptBuildPhase section */

/* Begin PBXSourcesBuildPhase section */
		8A3EF7E7262EAF73001618BD /* Sources */ = {
			isa = PBXSourcesBuildPhase;
			buildActionMask = 2147483647;
			files = (
				8A54C4E026366946008E3A6B /* FilmChatMsgListModel.m in Sources */,
				8A54C4D826366912008E3A6B /* FilmChatDetailTableCell.m in Sources */,
				8A3EF875262EB401001618BD /* FilmFactoryBaseViewController.m in Sources */,
				8A3EF863262EB321001618BD /* UIView+frame.m in Sources */,
				8A72B6B32630026400582123 /* FilmFactorHomeMoreViewController.m in Sources */,
				4AE8DBBC263506D900D9A0FB /* FilmFacotryLocationDetailHeader.m in Sources */,
				8A72B68A262FC38800582123 /* FilmFactoryHomeBtn.m in Sources */,
				4AE8DBDA2635113000D9A0FB /* FilmLoactionJoinViewController.m in Sources */,
				8AAF728826379A600002D80C /* FilmFacotryShangyinDetailHeader.m in Sources */,
				4ADAF0942638446A00709F84 /* FilmFactoryMySendViewController.m in Sources */,
				8A54C4C426364C5E008E3A6B /* FilmFactroysystemTableViewCell.m in Sources */,
				8A3EF896262EC1D4001618BD /* FilmFactoryZoneTableViewCell.m in Sources */,
				8A91B79F2632658C006A3EC1 /* FilmFacroryHomeDetailViewController.m in Sources */,
				8A72B658262FB4C000582123 /* FilmFactoryHomeHeaderView.m in Sources */,
				8A54C503263680E0008E3A6B /* FilmFactorySendZoneCollectionCell.m in Sources */,
				8A3EF88D262EB5C5001618BD /* FilmFactoryMineViewController.m in Sources */,
				8A3EF7F6262EAF73001618BD /* ViewController.m in Sources */,
				4AE8DBC826350CCE00D9A0FB /* FilmFacortLoactionDetailFooter.m in Sources */,
				4AE8DBD426350DAA00D9A0FB /* ShuyunTeseBtn.m in Sources */,
				4AE8DC362635686600D9A0FB /* LMJHorizontalScrollText.m in Sources */,
				8A91B8352632A033006A3EC1 /* FilmFactoryAboutusViewController.m in Sources */,
				8A3EF881262EB5A9001618BD /* FilmFactoryZoneViewController.m in Sources */,
				8A54C4D926366912008E3A6B /* FilmChatZoneChatDetailToolsView.m in Sources */,
				8A3EF7F0262EAF73001618BD /* AppDelegate.m in Sources */,
				4AEE2C242635AB4100B2BC43 /* FilmZoneJbaoController.m in Sources */,
				4AEFAE4D26370342001954F1 /* FilmFacotryShangyinTableViewCell.m in Sources */,
				8A3EF865262EB321001618BD /* UILabel+CDGPSpaceLb.m in Sources */,
				8A54C502263680E0008E3A6B /* FilmFActorySendZoneConroller.m in Sources */,
				8A91B7A526326620006A3EC1 /* FilmFacoryHomeDetailHeader.m in Sources */,
				8A91B85C2632A331006A3EC1 /* FilmFactoryFindPasseordViewController.m in Sources */,
				4AE8DBE62635210100D9A0FB /* AppDelegate+FilmMySafeApp.m in Sources */,
				8A3EF801262EAF75001618BD /* main.m in Sources */,
				8A72B652262FB44400582123 /* FilmFacroyHomeTableViewCell.m in Sources */,
				4A191F29263708D7005550C8 /* FilmFacotryShangyingDetailViewController.m in Sources */,
				8A91B86F2632A9DD006A3EC1 /* FilmFacorrLoactoinDetailViewController.m in Sources */,
				4ADAF0B12638486500709F84 /* FilmFactoryToolModel.m in Sources */,
				8A72B684262FBF4700582123 /* FilmFactoryMovieView.m in Sources */,
				8AAF728E2637A3550002D80C /* FilmFacoreyCoinView.m in Sources */,
				4AEFAE352636F6C0001954F1 /* ShuyunHomeNewsTableViewCell.m in Sources */,
				4AEFAE47263701B3001954F1 /* FilmFacotryShangyinViewController.m in Sources */,
				4AE8DC1826355E6C00D9A0FB /* FilmFacorryZoneDetailheader.m in Sources */,
				4ADAF0A82638449100709F84 /* FilmMyColltecdViewController.m in Sources */,
				4A191F2326370658005550C8 /* WWStarView.m in Sources */,
				8A72B6AC262FF41500582123 /* FilmFactoryLoactionTableViewCell.m in Sources */,
				8A54C4D726366912008E3A6B /* FilmChatDetailMoel.m in Sources */,
				8A54C4AF26364A95008E3A6B /* FilmFactroysysTemViewController.m in Sources */,
				8A91B84D2632A319006A3EC1 /* FilmFactoryLoginViewController.m in Sources */,
				8A3EF887262EB5BA001618BD /* FilmFactoryMsgViewController.m in Sources */,
				8A91B8462632A119006A3EC1 /* FilmFacroyCenterBtn.m in Sources */,
				8A54C4BE26364AB0008E3A6B /* FilmFactoryComenmtNotiViewController.m in Sources */,
				8A3EF864262EB321001618BD /* UIColor+CHRegex.m in Sources */,
				8AAF72A02637F21C0002D80C /* FilmFactoryShangyinModel.m in Sources */,
				4ADAF09E2638448000709F84 /* FilmMyYuyueViewController.m in Sources */,
				8AAF72942637AA3B0002D80C /* FilmFacotryArticlCollectionViewCell.m in Sources */,
				4A48FEBD262F159300D219D5 /* FilmFactoryBtn.m in Sources */,
				8A3EF867262EB321001618BD /* NSString+CHRegex.m in Sources */,
				8A3EF87B262EB43D001618BD /* FilmFactoryHomeViewController.m in Sources */,
				4AE8DC3C263568D000D9A0FB /* FilmFarZoneDetiaCell.m in Sources */,
				8A3EF868262EB321001618BD /* UIButton+CHRegex.m in Sources */,
				8A72B6A3262FF1EC00582123 /* FilmFactoryLoactionViewController.m in Sources */,
				4AE8DC0226354B0F00D9A0FB /* FilmFactoryZoneModel.m in Sources */,
				8A3EF86F262EB3B7001618BD /* FilmFactoryBaeTabbarViewController.m in Sources */,
				8A91B80A26329BF5006A3EC1 /* FilmFactorySugestionViewController.m in Sources */,
				8A91B81326329C90006A3EC1 /* FilmFacotroySugestionTableCell.m in Sources */,
				8AAF729A2637BD390002D80C /* FilmFacotryHomeModel.m in Sources */,
				8A3EF89C262EC469001618BD /* FilmFactorySectionHeader.m in Sources */,
				4A48FEB7262F0E6000D219D5 /* FilmFactoryMsgHeaderView.m in Sources */,
				4AEFAE2F2636F697001954F1 /* ShuyunHomeNewsModel.m in Sources */,
				8A3EF866262EB321001618BD /* UIViewController+IOS13.m in Sources */,
				8A91B7AB263268D6006A3EC1 /* FilmacroryMineTableViewCell.m in Sources */,
				8A54C4E726366CC0008E3A6B /* FilmFactoryNewsViewController.m in Sources */,
				8A54C4B826364AA1008E3A6B /* FilmFactoryZanViewController.m in Sources */,
				4AE8DBC226350B2900D9A0FB /* FilmFacroryLoacitonDetailTableViewCell.m in Sources */,
				8A91B8752632AAFA006A3EC1 /* FilmFactorLoacitonTypeTableViewCell.m in Sources */,
				8A54C4DA26366912008E3A6B /* FilmChatChatDetailViewController.m in Sources */,
				4AE8DC0F26355E1A00D9A0FB /* FilmFactoryZoneDetailViewController.m in Sources */,
				8A3EF869262EB321001618BD /* UITextField+AddPlaceholder.m in Sources */,
				4AEE2C222635AB4100B2BC43 /* FilmZoneJubaoModel.m in Sources */,
				8A91B81226329C90006A3EC1 /* FilmFactoryModel.m in Sources */,
				8A54C4CA263666E4008E3A6B /* FilmFacotrysystemDetailViewController.m in Sources */,
				4AEFAE402636FA81001954F1 /* FilmFactorynewsDetialViewController.m in Sources */,
				4A48FEC9262F19CC00D219D5 /* FilmFacotryMsgTableViewCell.m in Sources */,
				4AEE2C232635AB4100B2BC43 /* FilmZoneJubaoTableviewCell.m in Sources */,
				4AE8DC08263550FB00D9A0FB /* FilmFactoryComentModel.m in Sources */,
				8A91B8662632A6DB006A3EC1 /* FilmFactoryChangeInfoViewController.m in Sources */,
				4A48FEC3262F16E900D219D5 /* UIView+shadowPath.m in Sources */,
				8A91B7B126326915006A3EC1 /* FilmFacroryMineHeaderView.m in Sources */,
				4AE8DBE026351B3B00D9A0FB /* FilmFactortLoactionModel.m in Sources */,
				4AE8DBCE26350D5000D9A0FB /* ShuyunBallSetingBtn.m in Sources */,
			);
			runOnlyForDeploymentPostprocessing = 0;
		};
		8A3EF802262EAF75001618BD /* Sources */ = {
			isa = PBXSourcesBuildPhase;
			buildActionMask = 2147483647;
			files = (
				8A3EF80B262EAF75001618BD /* FilmFactoryTests.m in Sources */,
			);
			runOnlyForDeploymentPostprocessing = 0;
		};
		8A3EF80D262EAF75001618BD /* Sources */ = {
			isa = PBXSourcesBuildPhase;
			buildActionMask = 2147483647;
			files = (
				8A3EF816262EAF75001618BD /* FilmFactoryUITests.m in Sources */,
			);
			runOnlyForDeploymentPostprocessing = 0;
		};
/* End PBXSourcesBuildPhase section */

/* Begin PBXTargetDependency section */
		8A3EF808262EAF75001618BD /* PBXTargetDependency */ = {
			isa = PBXTargetDependency;
			target = 8A3EF7EA262EAF73001618BD /* FilmFactory */;
			targetProxy = 8A3EF807262EAF75001618BD /* PBXContainerItemProxy */;
		};
		8A3EF813262EAF75001618BD /* PBXTargetDependency */ = {
			isa = PBXTargetDependency;
			target = 8A3EF7EA262EAF73001618BD /* FilmFactory */;
			targetProxy = 8A3EF812262EAF75001618BD /* PBXContainerItemProxy */;
		};
/* End PBXTargetDependency section */

/* Begin PBXVariantGroup section */
		8A3EF7F7262EAF73001618BD /* Main.storyboard */ = {
			isa = PBXVariantGroup;
			children = (
				8A3EF7F8262EAF73001618BD /* Base */,
			);
			name = Main.storyboard;
			sourceTree = "<group>";
		};
		8A3EF7FC262EAF75001618BD /* LaunchScreen.storyboard */ = {
			isa = PBXVariantGroup;
			children = (
				8A3EF7FD262EAF75001618BD /* Base */,
			);
			name = LaunchScreen.storyboard;
			sourceTree = "<group>";
		};
/* End PBXVariantGroup section */

/* Begin XCBuildConfiguration section */
		8A3EF818262EAF75001618BD /* Debug */ = {
			isa = XCBuildConfiguration;
			buildSettings = {
				ALWAYS_SEARCH_USER_PATHS = NO;
				CLANG_ANALYZER_NONNULL = YES;
				CLANG_ANALYZER_NUMBER_OBJECT_CONVERSION = YES_AGGRESSIVE;
				CLANG_CXX_LANGUAGE_STANDARD = "gnu++14";
				CLANG_CXX_LIBRARY = "libc++";
				CLANG_ENABLE_MODULES = YES;
				CLANG_ENABLE_OBJC_ARC = YES;
				CLANG_ENABLE_OBJC_WEAK = YES;
				CLANG_WARN_BLOCK_CAPTURE_AUTORELEASING = YES;
				CLANG_WARN_BOOL_CONVERSION = YES;
				CLANG_WARN_COMMA = YES;
				CLANG_WARN_CONSTANT_CONVERSION = YES;
				CLANG_WARN_DEPRECATED_OBJC_IMPLEMENTATIONS = YES;
				CLANG_WARN_DIRECT_OBJC_ISA_USAGE = YES_ERROR;
				CLANG_WARN_DOCUMENTATION_COMMENTS = YES;
				CLANG_WARN_EMPTY_BODY = YES;
				CLANG_WARN_ENUM_CONVERSION = YES;
				CLANG_WARN_INFINITE_RECURSION = YES;
				CLANG_WARN_INT_CONVERSION = YES;
				CLANG_WARN_NON_LITERAL_NULL_CONVERSION = YES;
				CLANG_WARN_OBJC_IMPLICIT_RETAIN_SELF = YES;
				CLANG_WARN_OBJC_LITERAL_CONVERSION = YES;
				CLANG_WARN_OBJC_ROOT_CLASS = YES_ERROR;
				CLANG_WARN_QUOTED_INCLUDE_IN_FRAMEWORK_HEADER = YES;
				CLANG_WARN_RANGE_LOOP_ANALYSIS = YES;
				CLANG_WARN_STRICT_PROTOTYPES = YES;
				CLANG_WARN_SUSPICIOUS_MOVE = YES;
				CLANG_WARN_UNGUARDED_AVAILABILITY = YES_AGGRESSIVE;
				CLANG_WARN_UNREACHABLE_CODE = YES;
				CLANG_WARN__DUPLICATE_METHOD_MATCH = YES;
				COPY_PHASE_STRIP = NO;
				DEBUG_INFORMATION_FORMAT = dwarf;
				ENABLE_STRICT_OBJC_MSGSEND = YES;
				ENABLE_TESTABILITY = YES;
				GCC_C_LANGUAGE_STANDARD = gnu11;
				GCC_DYNAMIC_NO_PIC = NO;
				GCC_NO_COMMON_BLOCKS = YES;
				GCC_OPTIMIZATION_LEVEL = 0;
				GCC_PREPROCESSOR_DEFINITIONS = (
					"DEBUG=1",
					"$(inherited)",
				);
				GCC_WARN_64_TO_32_BIT_CONVERSION = YES;
				GCC_WARN_ABOUT_RETURN_TYPE = YES_ERROR;
				GCC_WARN_UNDECLARED_SELECTOR = YES;
				GCC_WARN_UNINITIALIZED_AUTOS = YES_AGGRESSIVE;
				GCC_WARN_UNUSED_FUNCTION = YES;
				GCC_WARN_UNUSED_VARIABLE = YES;
				IPHONEOS_DEPLOYMENT_TARGET = 14.4;
				MTL_ENABLE_DEBUG_INFO = INCLUDE_SOURCE;
				MTL_FAST_MATH = YES;
				ONLY_ACTIVE_ARCH = YES;
				SDKROOT = iphoneos;
			};
			name = Debug;
		};
		8A3EF819262EAF75001618BD /* Release */ = {
			isa = XCBuildConfiguration;
			buildSettings = {
				ALWAYS_SEARCH_USER_PATHS = NO;
				CLANG_ANALYZER_NONNULL = YES;
				CLANG_ANALYZER_NUMBER_OBJECT_CONVERSION = YES_AGGRESSIVE;
				CLANG_CXX_LANGUAGE_STANDARD = "gnu++14";
				CLANG_CXX_LIBRARY = "libc++";
				CLANG_ENABLE_MODULES = YES;
				CLANG_ENABLE_OBJC_ARC = YES;
				CLANG_ENABLE_OBJC_WEAK = YES;
				CLANG_WARN_BLOCK_CAPTURE_AUTORELEASING = YES;
				CLANG_WARN_BOOL_CONVERSION = YES;
				CLANG_WARN_COMMA = YES;
				CLANG_WARN_CONSTANT_CONVERSION = YES;
				CLANG_WARN_DEPRECATED_OBJC_IMPLEMENTATIONS = YES;
				CLANG_WARN_DIRECT_OBJC_ISA_USAGE = YES_ERROR;
				CLANG_WARN_DOCUMENTATION_COMMENTS = YES;
				CLANG_WARN_EMPTY_BODY = YES;
				CLANG_WARN_ENUM_CONVERSION = YES;
				CLANG_WARN_INFINITE_RECURSION = YES;
				CLANG_WARN_INT_CONVERSION = YES;
				CLANG_WARN_NON_LITERAL_NULL_CONVERSION = YES;
				CLANG_WARN_OBJC_IMPLICIT_RETAIN_SELF = YES;
				CLANG_WARN_OBJC_LITERAL_CONVERSION = YES;
				CLANG_WARN_OBJC_ROOT_CLASS = YES_ERROR;
				CLANG_WARN_QUOTED_INCLUDE_IN_FRAMEWORK_HEADER = YES;
				CLANG_WARN_RANGE_LOOP_ANALYSIS = YES;
				CLANG_WARN_STRICT_PROTOTYPES = YES;
				CLANG_WARN_SUSPICIOUS_MOVE = YES;
				CLANG_WARN_UNGUARDED_AVAILABILITY = YES_AGGRESSIVE;
				CLANG_WARN_UNREACHABLE_CODE = YES;
				CLANG_WARN__DUPLICATE_METHOD_MATCH = YES;
				COPY_PHASE_STRIP = NO;
				DEBUG_INFORMATION_FORMAT = "dwarf-with-dsym";
				ENABLE_NS_ASSERTIONS = NO;
				ENABLE_STRICT_OBJC_MSGSEND = YES;
				GCC_C_LANGUAGE_STANDARD = gnu11;
				GCC_NO_COMMON_BLOCKS = YES;
				GCC_WARN_64_TO_32_BIT_CONVERSION = YES;
				GCC_WARN_ABOUT_RETURN_TYPE = YES_ERROR;
				GCC_WARN_UNDECLARED_SELECTOR = YES;
				GCC_WARN_UNINITIALIZED_AUTOS = YES_AGGRESSIVE;
				GCC_WARN_UNUSED_FUNCTION = YES;
				GCC_WARN_UNUSED_VARIABLE = YES;
				IPHONEOS_DEPLOYMENT_TARGET = 14.4;
				MTL_ENABLE_DEBUG_INFO = NO;
				MTL_FAST_MATH = YES;
				SDKROOT = iphoneos;
				VALIDATE_PRODUCT = YES;
			};
			name = Release;
		};
		8A3EF81B262EAF75001618BD /* Debug */ = {
			isa = XCBuildConfiguration;
			baseConfigurationReference = F6465A50B198E61C2023CE37 /* Pods-FilmFactory.debug.xcconfig */;
			buildSettings = {
				ASSETCATALOG_COMPILER_APPICON_NAME = AppIcon;
				ASSETCATALOG_COMPILER_GLOBAL_ACCENT_COLOR_NAME = AccentColor;
				ASSETCATALOG_COMPILER_LAUNCHIMAGE_NAME = LaunchImage;
				CODE_SIGN_STYLE = Automatic;
				GCC_PRECOMPILE_PREFIX_HEADER = YES;
				GCC_PREFIX_HEADER = "$(SRCROOT)/FilmFactory/PrefixHeader.pch";
				INFOPLIST_FILE = FilmFactory/Info.plist;
				IPHONEOS_DEPLOYMENT_TARGET = 9.0;
				LD_RUNPATH_SEARCH_PATHS = (
					"$(inherited)",
					"@executable_path/Frameworks",
				);
				PRODUCT_BUNDLE_IDENTIFIER = "com-.FilmFactory";
				PRODUCT_NAME = "$(TARGET_NAME)";
				TARGETED_DEVICE_FAMILY = 1;
			};
			name = Debug;
		};
		8A3EF81C262EAF75001618BD /* Release */ = {
			isa = XCBuildConfiguration;
			baseConfigurationReference = 18116D595DADAB36A75DFE60 /* Pods-FilmFactory.release.xcconfig */;
			buildSettings = {
				ASSETCATALOG_COMPILER_APPICON_NAME = AppIcon;
				ASSETCATALOG_COMPILER_GLOBAL_ACCENT_COLOR_NAME = AccentColor;
				ASSETCATALOG_COMPILER_LAUNCHIMAGE_NAME = LaunchImage;
				CODE_SIGN_STYLE = Automatic;
				GCC_PRECOMPILE_PREFIX_HEADER = YES;
				GCC_PREFIX_HEADER = "$(SRCROOT)/FilmFactory/PrefixHeader.pch";
				INFOPLIST_FILE = FilmFactory/Info.plist;
				IPHONEOS_DEPLOYMENT_TARGET = 9.0;
				LD_RUNPATH_SEARCH_PATHS = (
					"$(inherited)",
					"@executable_path/Frameworks",
				);
				PRODUCT_BUNDLE_IDENTIFIER = "com-.FilmFactory";
				PRODUCT_NAME = "$(TARGET_NAME)";
				TARGETED_DEVICE_FAMILY = 1;
			};
			name = Release;
		};
		8A3EF81E262EAF75001618BD /* Debug */ = {
			isa = XCBuildConfiguration;
			buildSettings = {
				BUNDLE_LOADER = "$(TEST_HOST)";
				CODE_SIGN_STYLE = Automatic;
				INFOPLIST_FILE = FilmFactoryTests/Info.plist;
				IPHONEOS_DEPLOYMENT_TARGET = 14.4;
				LD_RUNPATH_SEARCH_PATHS = (
					"$(inherited)",
					"@executable_path/Frameworks",
					"@loader_path/Frameworks",
				);
				PRODUCT_BUNDLE_IDENTIFIER = "com-.FilmFactoryTests";
				PRODUCT_NAME = "$(TARGET_NAME)";
				TARGETED_DEVICE_FAMILY = "1,2";
				TEST_HOST = "$(BUILT_PRODUCTS_DIR)/FilmFactory.app/FilmFactory";
			};
			name = Debug;
		};
		8A3EF81F262EAF75001618BD /* Release */ = {
			isa = XCBuildConfiguration;
			buildSettings = {
				BUNDLE_LOADER = "$(TEST_HOST)";
				CODE_SIGN_STYLE = Automatic;
				INFOPLIST_FILE = FilmFactoryTests/Info.plist;
				IPHONEOS_DEPLOYMENT_TARGET = 14.4;
				LD_RUNPATH_SEARCH_PATHS = (
					"$(inherited)",
					"@executable_path/Frameworks",
					"@loader_path/Frameworks",
				);
				PRODUCT_BUNDLE_IDENTIFIER = "com-.FilmFactoryTests";
				PRODUCT_NAME = "$(TARGET_NAME)";
				TARGETED_DEVICE_FAMILY = "1,2";
				TEST_HOST = "$(BUILT_PRODUCTS_DIR)/FilmFactory.app/FilmFactory";
			};
			name = Release;
		};
		8A3EF821262EAF75001618BD /* Debug */ = {
			isa = XCBuildConfiguration;
			buildSettings = {
				CODE_SIGN_STYLE = Automatic;
				INFOPLIST_FILE = FilmFactoryUITests/Info.plist;
				LD_RUNPATH_SEARCH_PATHS = (
					"$(inherited)",
					"@executable_path/Frameworks",
					"@loader_path/Frameworks",
				);
				PRODUCT_BUNDLE_IDENTIFIER = "com-.FilmFactoryUITests";
				PRODUCT_NAME = "$(TARGET_NAME)";
				TARGETED_DEVICE_FAMILY = "1,2";
				TEST_TARGET_NAME = FilmFactory;
			};
			name = Debug;
		};
		8A3EF822262EAF75001618BD /* Release */ = {
			isa = XCBuildConfiguration;
			buildSettings = {
				CODE_SIGN_STYLE = Automatic;
				INFOPLIST_FILE = FilmFactoryUITests/Info.plist;
				LD_RUNPATH_SEARCH_PATHS = (
					"$(inherited)",
					"@executable_path/Frameworks",
					"@loader_path/Frameworks",
				);
				PRODUCT_BUNDLE_IDENTIFIER = "com-.FilmFactoryUITests";
				PRODUCT_NAME = "$(TARGET_NAME)";
				TARGETED_DEVICE_FAMILY = "1,2";
				TEST_TARGET_NAME = FilmFactory;
			};
			name = Release;
		};
/* End XCBuildConfiguration section */

/* Begin XCConfigurationList section */
		8A3EF7E6262EAF73001618BD /* Build configuration list for PBXProject "FilmFactory" */ = {
			isa = XCConfigurationList;
			buildConfigurations = (
				8A3EF818262EAF75001618BD /* Debug */,
				8A3EF819262EAF75001618BD /* Release */,
			);
			defaultConfigurationIsVisible = 0;
			defaultConfigurationName = Release;
		};
		8A3EF81A262EAF75001618BD /* Build configuration list for PBXNativeTarget "FilmFactory" */ = {
			isa = XCConfigurationList;
			buildConfigurations = (
				8A3EF81B262EAF75001618BD /* Debug */,
				8A3EF81C262EAF75001618BD /* Release */,
			);
			defaultConfigurationIsVisible = 0;
			defaultConfigurationName = Release;
		};
		8A3EF81D262EAF75001618BD /* Build configuration list for PBXNativeTarget "FilmFactoryTests" */ = {
			isa = XCConfigurationList;
			buildConfigurations = (
				8A3EF81E262EAF75001618BD /* Debug */,
				8A3EF81F262EAF75001618BD /* Release */,
			);
			defaultConfigurationIsVisible = 0;
			defaultConfigurationName = Release;
		};
		8A3EF820262EAF75001618BD /* Build configuration list for PBXNativeTarget "FilmFactoryUITests" */ = {
			isa = XCConfigurationList;
			buildConfigurations = (
				8A3EF821262EAF75001618BD /* Debug */,
				8A3EF822262EAF75001618BD /* Release */,
			);
			defaultConfigurationIsVisible = 0;
			defaultConfigurationName = Release;
		};
/* End XCConfigurationList section */
	};
	rootObject = 8A3EF7E3262EAF73001618BD /* Project object */;
}
